// !$*UTF8*$!
{
	archiveVersion = 1;
	classes = {
	};
	objectVersion = 51;
	objects = {

/* Begin PBXBuildFile section */
		050F91CB2475E96F003C29F9 /* RegisterForm.swift in Sources */ = {isa = PBXBuildFile; fileRef = 050F91CA2475E96F003C29F9 /* RegisterForm.swift */; };
		055DF160249B1DA8003364F7 /* CameraView+constraints.swift in Sources */ = {isa = PBXBuildFile; fileRef = 055DF15F249B1DA8003364F7 /* CameraView+constraints.swift */; };
		055DF162249C011F003364F7 /* SendMessageController.swift in Sources */ = {isa = PBXBuildFile; fileRef = 055DF161249C011F003364F7 /* SendMessageController.swift */; };
		055DF165249C0314003364F7 /* UserCell.swift in Sources */ = {isa = PBXBuildFile; fileRef = 055DF164249C0314003364F7 /* UserCell.swift */; };
		05601B4224763E3500068ADE /* SideBarMenu.swift in Sources */ = {isa = PBXBuildFile; fileRef = 05601B4124763E3500068ADE /* SideBarMenu.swift */; };
		05601B64247765B000068ADE /* SideBarCell.swift in Sources */ = {isa = PBXBuildFile; fileRef = 05601B63247765B000068ADE /* SideBarCell.swift */; };
		05601B6624778A2300068ADE /* Extensions+sidBar.swift in Sources */ = {isa = PBXBuildFile; fileRef = 05601B6524778A2300068ADE /* Extensions+sidBar.swift */; };
		05601B6824779ED700068ADE /* Profile.swift in Sources */ = {isa = PBXBuildFile; fileRef = 05601B6724779ED700068ADE /* Profile.swift */; };
		05601B6A24779EE500068ADE /* Settings.swift in Sources */ = {isa = PBXBuildFile; fileRef = 05601B6924779EE500068ADE /* Settings.swift */; };
		05601B702478638F00068ADE /* CameraView+gestureRecognizers.swift in Sources */ = {isa = PBXBuildFile; fileRef = 05601B6F2478638F00068ADE /* CameraView+gestureRecognizers.swift */; };
		0563CD3E2490B7A40082315F /* FooterView.swift in Sources */ = {isa = PBXBuildFile; fileRef = 0563CD3D2490B7A40082315F /* FooterView.swift */; };
		0563CD402499647B0082315F /* GenePoolViewController.swift in Sources */ = {isa = PBXBuildFile; fileRef = 0563CD3F2499647B0082315F /* GenePoolViewController.swift */; };
		0563CD4424996F100082315F /* GoogleService-Info.plist in Resources */ = {isa = PBXBuildFile; fileRef = 0563CD4324996F100082315F /* GoogleService-Info.plist */; };
		0563CD4624997AAF0082315F /* Extensions.swift in Sources */ = {isa = PBXBuildFile; fileRef = 0563CD4524997AAF0082315F /* Extensions.swift */; };
		0563CD4824999CCF0082315F /* Switcher.swift in Sources */ = {isa = PBXBuildFile; fileRef = 0563CD4724999CCF0082315F /* Switcher.swift */; };
		058A13DB2478B1160014FD48 /* Animations.swift in Sources */ = {isa = PBXBuildFile; fileRef = 058A13DA2478B1160014FD48 /* Animations.swift */; };
		058A13E3247C8B240014FD48 /* CameraView+captureOutput.swift in Sources */ = {isa = PBXBuildFile; fileRef = 058A13E2247C8B240014FD48 /* CameraView+captureOutput.swift */; };
		058A13E8247DB5570014FD48 /* GenderSelector.swift in Sources */ = {isa = PBXBuildFile; fileRef = 058A13E7247DB5570014FD48 /* GenderSelector.swift */; };
		058A13EA247DBCF50014FD48 /* ImageCells.swift in Sources */ = {isa = PBXBuildFile; fileRef = 058A13E9247DBCF50014FD48 /* ImageCells.swift */; };
		05F917C02474A31C000228F9 /* AppDelegate.swift in Sources */ = {isa = PBXBuildFile; fileRef = 05F917BF2474A31C000228F9 /* AppDelegate.swift */; };
		05F917C22474A31C000228F9 /* SceneDelegate.swift in Sources */ = {isa = PBXBuildFile; fileRef = 05F917C12474A31C000228F9 /* SceneDelegate.swift */; };
		05F917C42474A31C000228F9 /* CameraViewController.swift in Sources */ = {isa = PBXBuildFile; fileRef = 05F917C32474A31C000228F9 /* CameraViewController.swift */; };
		05F917C92474A31D000228F9 /* Assets.xcassets in Resources */ = {isa = PBXBuildFile; fileRef = 05F917C82474A31D000228F9 /* Assets.xcassets */; };
		05F917CC2474A31D000228F9 /* LaunchScreen.storyboard in Resources */ = {isa = PBXBuildFile; fileRef = 05F917CA2474A31D000228F9 /* LaunchScreen.storyboard */; };
		05F917D824750287000228F9 /* CameraView+buttons.swift in Sources */ = {isa = PBXBuildFile; fileRef = 05F917D724750287000228F9 /* CameraView+buttons.swift */; };
		05F917DA2475A5CF000228F9 /* LoginViewController.swift in Sources */ = {isa = PBXBuildFile; fileRef = 05F917D92475A5CF000228F9 /* LoginViewController.swift */; };
		D87C9E7283516F6EEA4B53ED /* Pods_Blink.framework in Frameworks */ = {isa = PBXBuildFile; fileRef = 3FC95E7DF65B0DF0CD303B26 /* Pods_Blink.framework */; };
/* End PBXBuildFile section */

/* Begin PBXFileReference section */
		050F91CA2475E96F003C29F9 /* RegisterForm.swift */ = {isa = PBXFileReference; lastKnownFileType = sourcecode.swift; path = RegisterForm.swift; sourceTree = "<group>"; };
		055DF15F249B1DA8003364F7 /* CameraView+constraints.swift */ = {isa = PBXFileReference; lastKnownFileType = sourcecode.swift; path = "CameraView+constraints.swift"; sourceTree = "<group>"; };
		055DF161249C011F003364F7 /* SendMessageController.swift */ = {isa = PBXFileReference; lastKnownFileType = sourcecode.swift; path = SendMessageController.swift; sourceTree = "<group>"; };
		055DF164249C0314003364F7 /* UserCell.swift */ = {isa = PBXFileReference; lastKnownFileType = sourcecode.swift; path = UserCell.swift; sourceTree = "<group>"; };
		05601B4124763E3500068ADE /* SideBarMenu.swift */ = {isa = PBXFileReference; lastKnownFileType = sourcecode.swift; path = SideBarMenu.swift; sourceTree = "<group>"; };
		05601B63247765B000068ADE /* SideBarCell.swift */ = {isa = PBXFileReference; lastKnownFileType = sourcecode.swift; path = SideBarCell.swift; sourceTree = "<group>"; };
		05601B6524778A2300068ADE /* Extensions+sidBar.swift */ = {isa = PBXFileReference; lastKnownFileType = sourcecode.swift; path = "Extensions+sidBar.swift"; sourceTree = "<group>"; };
		05601B6724779ED700068ADE /* Profile.swift */ = {isa = PBXFileReference; lastKnownFileType = sourcecode.swift; path = Profile.swift; sourceTree = "<group>"; };
		05601B6924779EE500068ADE /* Settings.swift */ = {isa = PBXFileReference; lastKnownFileType = sourcecode.swift; path = Settings.swift; sourceTree = "<group>"; };
		05601B6F2478638F00068ADE /* CameraView+gestureRecognizers.swift */ = {isa = PBXFileReference; lastKnownFileType = sourcecode.swift; path = "CameraView+gestureRecognizers.swift"; sourceTree = "<group>"; };
		0563CD3D2490B7A40082315F /* FooterView.swift */ = {isa = PBXFileReference; lastKnownFileType = sourcecode.swift; path = FooterView.swift; sourceTree = "<group>"; };
		0563CD3F2499647B0082315F /* GenePoolViewController.swift */ = {isa = PBXFileReference; fileEncoding = 4; lastKnownFileType = sourcecode.swift; path = GenePoolViewController.swift; sourceTree = "<group>"; };
		0563CD4324996F100082315F /* GoogleService-Info.plist */ = {isa = PBXFileReference; lastKnownFileType = text.plist; path = "GoogleService-Info.plist"; sourceTree = SOURCE_ROOT; };
		0563CD4524997AAF0082315F /* Extensions.swift */ = {isa = PBXFileReference; lastKnownFileType = sourcecode.swift; path = Extensions.swift; sourceTree = "<group>"; };
		0563CD4724999CCF0082315F /* Switcher.swift */ = {isa = PBXFileReference; lastKnownFileType = sourcecode.swift; name = Switcher.swift; path = Blink.swift/Utility/Switcher.swift; sourceTree = SOURCE_ROOT; };
		058A13DA2478B1160014FD48 /* Animations.swift */ = {isa = PBXFileReference; lastKnownFileType = sourcecode.swift; path = Animations.swift; sourceTree = "<group>"; };
		058A13E2247C8B240014FD48 /* CameraView+captureOutput.swift */ = {isa = PBXFileReference; lastKnownFileType = sourcecode.swift; path = "CameraView+captureOutput.swift"; sourceTree = "<group>"; };
		058A13E7247DB5570014FD48 /* GenderSelector.swift */ = {isa = PBXFileReference; lastKnownFileType = sourcecode.swift; path = GenderSelector.swift; sourceTree = "<group>"; };
		058A13E9247DBCF50014FD48 /* ImageCells.swift */ = {isa = PBXFileReference; lastKnownFileType = sourcecode.swift; path = ImageCells.swift; sourceTree = "<group>"; };
		05F917BC2474A31C000228F9 /* Blink.app */ = {isa = PBXFileReference; explicitFileType = wrapper.application; includeInIndex = 0; path = Blink.app; sourceTree = BUILT_PRODUCTS_DIR; };
		05F917BF2474A31C000228F9 /* AppDelegate.swift */ = {isa = PBXFileReference; lastKnownFileType = sourcecode.swift; path = AppDelegate.swift; sourceTree = "<group>"; };
		05F917C12474A31C000228F9 /* SceneDelegate.swift */ = {isa = PBXFileReference; lastKnownFileType = sourcecode.swift; path = SceneDelegate.swift; sourceTree = "<group>"; };
		05F917C32474A31C000228F9 /* CameraViewController.swift */ = {isa = PBXFileReference; lastKnownFileType = sourcecode.swift; path = CameraViewController.swift; sourceTree = "<group>"; };
		05F917C82474A31D000228F9 /* Assets.xcassets */ = {isa = PBXFileReference; lastKnownFileType = folder.assetcatalog; path = Assets.xcassets; sourceTree = "<group>"; };
		05F917CB2474A31D000228F9 /* Base */ = {isa = PBXFileReference; lastKnownFileType = file.storyboard; name = Base; path = Base.lproj/LaunchScreen.storyboard; sourceTree = "<group>"; };
		05F917CD2474A31D000228F9 /* Info.plist */ = {isa = PBXFileReference; lastKnownFileType = text.plist.xml; path = Info.plist; sourceTree = "<group>"; };
		05F917D724750287000228F9 /* CameraView+buttons.swift */ = {isa = PBXFileReference; lastKnownFileType = sourcecode.swift; path = "CameraView+buttons.swift"; sourceTree = "<group>"; };
		05F917D92475A5CF000228F9 /* LoginViewController.swift */ = {isa = PBXFileReference; lastKnownFileType = sourcecode.swift; path = LoginViewController.swift; sourceTree = "<group>"; };
		3FC95E7DF65B0DF0CD303B26 /* Pods_Blink.framework */ = {isa = PBXFileReference; explicitFileType = wrapper.framework; includeInIndex = 0; path = Pods_Blink.framework; sourceTree = BUILT_PRODUCTS_DIR; };
		5F97D02BDE085BE10ADD9B3E /* Pods-Blink.release.xcconfig */ = {isa = PBXFileReference; includeInIndex = 1; lastKnownFileType = text.xcconfig; name = "Pods-Blink.release.xcconfig"; path = "Target Support Files/Pods-Blink/Pods-Blink.release.xcconfig"; sourceTree = "<group>"; };
		6C41B17BED3B5B5D4C9F7B9A /* Pods-Blink.debug.xcconfig */ = {isa = PBXFileReference; includeInIndex = 1; lastKnownFileType = text.xcconfig; name = "Pods-Blink.debug.xcconfig"; path = "Target Support Files/Pods-Blink/Pods-Blink.debug.xcconfig"; sourceTree = "<group>"; };
/* End PBXFileReference section */

/* Begin PBXFrameworksBuildPhase section */
		05F917B92474A31C000228F9 /* Frameworks */ = {
			isa = PBXFrameworksBuildPhase;
			buildActionMask = 2147483647;
			files = (
				D87C9E7283516F6EEA4B53ED /* Pods_Blink.framework in Frameworks */,
			);
			runOnlyForDeploymentPostprocessing = 0;
		};
/* End PBXFrameworksBuildPhase section */

/* Begin PBXGroup section */
		055DF163249C0133003364F7 /* Messages */ = {
			isa = PBXGroup;
			children = (
				055DF161249C011F003364F7 /* SendMessageController.swift */,
				055DF164249C0314003364F7 /* UserCell.swift */,
			);
			path = Messages;
			sourceTree = "<group>";
		};
		05601B3E24763BB500068ADE /* SidePullOutMenu */ = {
			isa = PBXGroup;
			children = (
				05601B63247765B000068ADE /* SideBarCell.swift */,
				05601B6524778A2300068ADE /* Extensions+sidBar.swift */,
				05601B4124763E3500068ADE /* SideBarMenu.swift */,
			);
			path = SidePullOutMenu;
			sourceTree = "<group>";
		};
		05601B6B24785C1300068ADE /* Login */ = {
			isa = PBXGroup;
			children = (
				050F91CA2475E96F003C29F9 /* RegisterForm.swift */,
				05F917D92475A5CF000228F9 /* LoginViewController.swift */,
			);
			path = Login;
			sourceTree = "<group>";
		};
		05601B6C24785C2900068ADE /* Utility */ = {
			isa = PBXGroup;
			children = (
				0563CD4724999CCF0082315F /* Switcher.swift */,
				05F917BF2474A31C000228F9 /* AppDelegate.swift */,
				0563CD4524997AAF0082315F /* Extensions.swift */,
				05F917C12474A31C000228F9 /* SceneDelegate.swift */,
			);
			path = Utility;
			sourceTree = "<group>";
		};
		05601B6D24785C4A00068ADE /* CameraController */ = {
			isa = PBXGroup;
			children = (
				05F917C32474A31C000228F9 /* CameraViewController.swift */,
				055DF15F249B1DA8003364F7 /* CameraView+constraints.swift */,
				058A13E2247C8B240014FD48 /* CameraView+captureOutput.swift */,
				05F917D724750287000228F9 /* CameraView+buttons.swift */,
				05601B6F2478638F00068ADE /* CameraView+gestureRecognizers.swift */,
			);
			path = CameraController;
			sourceTree = "<group>";
		};
		05601B6E24785C6F00068ADE /* PullOutMenuControllers */ = {
			isa = PBXGroup;
			children = (
				05601B6724779ED700068ADE /* Profile.swift */,
				05601B6924779EE500068ADE /* Settings.swift */,
			);
			path = PullOutMenuControllers;
			sourceTree = "<group>";
		};
		058A13DC2478B12B0014FD48 /* Animations */ = {
			isa = PBXGroup;
			children = (
				058A13DA2478B1160014FD48 /* Animations.swift */,
			);
			path = Animations;
			sourceTree = "<group>";
		};
		058A13DD247C43BE0014FD48 /* Model */ = {
			isa = PBXGroup;
			children = (
			);
			path = Model;
			sourceTree = "<group>";
		};
		058A13DE247C43C50014FD48 /* View */ = {
			isa = PBXGroup;
			children = (
				058A13DC2478B12B0014FD48 /* Animations */,
			);
			path = View;
			sourceTree = "<group>";
		};
		058A13DF247C43D70014FD48 /* Controller */ = {
			isa = PBXGroup;
			children = (
				058A13E6247DB1E20014FD48 /* Gene Pool */,
				05601B6B24785C1300068ADE /* Login */,
				05601B6E24785C6F00068ADE /* PullOutMenuControllers */,
				05601B3E24763BB500068ADE /* SidePullOutMenu */,
				05601B6D24785C4A00068ADE /* CameraController */,
			);
			path = Controller;
			sourceTree = "<group>";
		};
		058A13E6247DB1E20014FD48 /* Gene Pool */ = {
			isa = PBXGroup;
			children = (
				0563CD3F2499647B0082315F /* GenePoolViewController.swift */,
				0563CD3D2490B7A40082315F /* FooterView.swift */,
				058A13E9247DBCF50014FD48 /* ImageCells.swift */,
				058A13E7247DB5570014FD48 /* GenderSelector.swift */,
			);
			path = "Gene Pool";
			sourceTree = "<group>";
		};
		05F917B32474A31C000228F9 = {
			isa = PBXGroup;
			children = (
				05F917BE2474A31C000228F9 /* Blink */,
				05F917BD2474A31C000228F9 /* Products */,
				DA5D4C49B60558C0E15FCC53 /* Pods */,
				1ED2712AE4E1B3D70BE8435B /* Frameworks */,
			);
			sourceTree = "<group>";
		};
		05F917BD2474A31C000228F9 /* Products */ = {
			isa = PBXGroup;
			children = (
				05F917BC2474A31C000228F9 /* Blink.app */,
			);
			name = Products;
			sourceTree = "<group>";
		};
		05F917BE2474A31C000228F9 /* Blink */ = {
			isa = PBXGroup;
			children = (
				055DF163249C0133003364F7 /* Messages */,
				058A13DD247C43BE0014FD48 /* Model */,
				058A13DE247C43C50014FD48 /* View */,
				058A13DF247C43D70014FD48 /* Controller */,
				05601B6C24785C2900068ADE /* Utility */,
				05F917C82474A31D000228F9 /* Assets.xcassets */,
				05F917CA2474A31D000228F9 /* LaunchScreen.storyboard */,
				0563CD4324996F100082315F /* GoogleService-Info.plist */,
				05F917CD2474A31D000228F9 /* Info.plist */,
			);
			name = Blink;
			path = Blink.swift;
			sourceTree = "<group>";
		};
		1ED2712AE4E1B3D70BE8435B /* Frameworks */ = {
			isa = PBXGroup;
			children = (
				3FC95E7DF65B0DF0CD303B26 /* Pods_Blink.framework */,
			);
			name = Frameworks;
			sourceTree = "<group>";
		};
		DA5D4C49B60558C0E15FCC53 /* Pods */ = {
			isa = PBXGroup;
			children = (
				6C41B17BED3B5B5D4C9F7B9A /* Pods-Blink.debug.xcconfig */,
				5F97D02BDE085BE10ADD9B3E /* Pods-Blink.release.xcconfig */,
			);
			path = Pods;
			sourceTree = "<group>";
		};
/* End PBXGroup section */

/* Begin PBXNativeTarget section */
		05F917BB2474A31C000228F9 /* Blink */ = {
			isa = PBXNativeTarget;
			buildConfigurationList = 05F917D02474A31D000228F9 /* Build configuration list for PBXNativeTarget "Blink" */;
			buildPhases = (
				CF1F7E8E14C4B390BD73CC4B /* [CP] Check Pods Manifest.lock */,
				05F917B82474A31C000228F9 /* Sources */,
				05F917B92474A31C000228F9 /* Frameworks */,
				05F917BA2474A31C000228F9 /* Resources */,
				5140439E828BF7A23B6EC0EC /* [CP] Embed Pods Frameworks */,
			);
			buildRules = (
			);
			dependencies = (
			);
			name = Blink;
			productName = Blink2;
			productReference = 05F917BC2474A31C000228F9 /* Blink.app */;
			productType = "com.apple.product-type.application";
		};
/* End PBXNativeTarget section */

/* Begin PBXProject section */
		05F917B42474A31C000228F9 /* Project object */ = {
			isa = PBXProject;
			attributes = {
				LastSwiftUpdateCheck = 1140;
				LastUpgradeCheck = 1140;
				ORGANIZATIONNAME = "Brian Foley";
				TargetAttributes = {
					05F917BB2474A31C000228F9 = {
						CreatedOnToolsVersion = 11.4.1;
					};
				};
			};
			buildConfigurationList = 05F917B72474A31C000228F9 /* Build configuration list for PBXProject "Blink" */;
			compatibilityVersion = "Xcode 9.3";
			developmentRegion = en;
			hasScannedForEncodings = 0;
			knownRegions = (
				en,
				Base,
			);
			mainGroup = 05F917B32474A31C000228F9;
			productRefGroup = 05F917BD2474A31C000228F9 /* Products */;
			projectDirPath = "";
			projectRoot = "";
			targets = (
				05F917BB2474A31C000228F9 /* Blink */,
			);
		};
/* End PBXProject section */

/* Begin PBXResourcesBuildPhase section */
		05F917BA2474A31C000228F9 /* Resources */ = {
			isa = PBXResourcesBuildPhase;
			buildActionMask = 2147483647;
			files = (
				05F917CC2474A31D000228F9 /* LaunchScreen.storyboard in Resources */,
				05F917C92474A31D000228F9 /* Assets.xcassets in Resources */,
				0563CD4424996F100082315F /* GoogleService-Info.plist in Resources */,
			);
			runOnlyForDeploymentPostprocessing = 0;
		};
/* End PBXResourcesBuildPhase section */

/* Begin PBXShellScriptBuildPhase section */
		5140439E828BF7A23B6EC0EC /* [CP] Embed Pods Frameworks */ = {
			isa = PBXShellScriptBuildPhase;
			buildActionMask = 2147483647;
			files = (
			);
			inputFileListPaths = (
				"${PODS_ROOT}/Target Support Files/Pods-Blink/Pods-Blink-frameworks-${CONFIGURATION}-input-files.xcfilelist",
			);
			name = "[CP] Embed Pods Frameworks";
			outputFileListPaths = (
				"${PODS_ROOT}/Target Support Files/Pods-Blink/Pods-Blink-frameworks-${CONFIGURATION}-output-files.xcfilelist",
			);
			runOnlyForDeploymentPostprocessing = 0;
			shellPath = /bin/sh;
			shellScript = "\"${PODS_ROOT}/Target Support Files/Pods-Blink/Pods-Blink-frameworks.sh\"\n";
			showEnvVarsInLog = 0;
		};
		CF1F7E8E14C4B390BD73CC4B /* [CP] Check Pods Manifest.lock */ = {
			isa = PBXShellScriptBuildPhase;
			buildActionMask = 2147483647;
			files = (
			);
			inputFileListPaths = (
			);
			inputPaths = (
				"${PODS_PODFILE_DIR_PATH}/Podfile.lock",
				"${PODS_ROOT}/Manifest.lock",
			);
			name = "[CP] Check Pods Manifest.lock";
			outputFileListPaths = (
			);
			outputPaths = (
				"$(DERIVED_FILE_DIR)/Pods-Blink-checkManifestLockResult.txt",
			);
			runOnlyForDeploymentPostprocessing = 0;
			shellPath = /bin/sh;
			shellScript = "diff \"${PODS_PODFILE_DIR_PATH}/Podfile.lock\" \"${PODS_ROOT}/Manifest.lock\" > /dev/null\nif [ $? != 0 ] ; then\n    # print error to STDERR\n    echo \"error: The sandbox is not in sync with the Podfile.lock. Run 'pod install' or update your CocoaPods installation.\" >&2\n    exit 1\nfi\n# This output is used by Xcode 'outputs' to avoid re-running this script phase.\necho \"SUCCESS\" > \"${SCRIPT_OUTPUT_FILE_0}\"\n";
			showEnvVarsInLog = 0;
		};
/* End PBXShellScriptBuildPhase section */

/* Begin PBXSourcesBuildPhase section */
		05F917B82474A31C000228F9 /* Sources */ = {
			isa = PBXSourcesBuildPhase;
			buildActionMask = 2147483647;
			files = (
				05601B4224763E3500068ADE /* SideBarMenu.swift in Sources */,
				0563CD402499647B0082315F /* GenePoolViewController.swift in Sources */,
				05F917C42474A31C000228F9 /* CameraViewController.swift in Sources */,
				05F917C02474A31C000228F9 /* AppDelegate.swift in Sources */,
				05601B702478638F00068ADE /* CameraView+gestureRecognizers.swift in Sources */,
				058A13E3247C8B240014FD48 /* CameraView+captureOutput.swift in Sources */,
				0563CD3E2490B7A40082315F /* FooterView.swift in Sources */,
				0563CD4624997AAF0082315F /* Extensions.swift in Sources */,
				058A13E8247DB5570014FD48 /* GenderSelector.swift in Sources */,
				050F91CB2475E96F003C29F9 /* RegisterForm.swift in Sources */,
				0563CD4824999CCF0082315F /* Switcher.swift in Sources */,
				055DF165249C0314003364F7 /* UserCell.swift in Sources */,
				05F917D824750287000228F9 /* CameraView+buttons.swift in Sources */,
				058A13DB2478B1160014FD48 /* Animations.swift in Sources */,
				055DF162249C011F003364F7 /* SendMessageController.swift in Sources */,
				05601B6624778A2300068ADE /* Extensions+sidBar.swift in Sources */,
				055DF160249B1DA8003364F7 /* CameraView+constraints.swift in Sources */,
				05601B6A24779EE500068ADE /* Settings.swift in Sources */,
				05F917DA2475A5CF000228F9 /* LoginViewController.swift in Sources */,
				05F917C22474A31C000228F9 /* SceneDelegate.swift in Sources */,
				05601B6824779ED700068ADE /* Profile.swift in Sources */,
				05601B64247765B000068ADE /* SideBarCell.swift in Sources */,
				058A13EA247DBCF50014FD48 /* ImageCells.swift in Sources */,
			);
			runOnlyForDeploymentPostprocessing = 0;
		};
/* End PBXSourcesBuildPhase section */

/* Begin PBXVariantGroup section */
		05F917CA2474A31D000228F9 /* LaunchScreen.storyboard */ = {
			isa = PBXVariantGroup;
			children = (
				05F917CB2474A31D000228F9 /* Base */,
			);
			name = LaunchScreen.storyboard;
			sourceTree = "<group>";
		};
/* End PBXVariantGroup section */

/* Begin XCBuildConfiguration section */
		05F917CE2474A31D000228F9 /* Debug */ = {
			isa = XCBuildConfiguration;
			buildSettings = {
				ALWAYS_SEARCH_USER_PATHS = NO;
				CLANG_ANALYZER_NONNULL = YES;
				CLANG_ANALYZER_NUMBER_OBJECT_CONVERSION = YES_AGGRESSIVE;
				CLANG_CXX_LANGUAGE_STANDARD = "gnu++14";
				CLANG_CXX_LIBRARY = "libc++";
				CLANG_ENABLE_MODULES = YES;
				CLANG_ENABLE_OBJC_ARC = YES;
				CLANG_ENABLE_OBJC_WEAK = YES;
				CLANG_WARN_BLOCK_CAPTURE_AUTORELEASING = YES;
				CLANG_WARN_BOOL_CONVERSION = YES;
				CLANG_WARN_COMMA = YES;
				CLANG_WARN_CONSTANT_CONVERSION = YES;
				CLANG_WARN_DEPRECATED_OBJC_IMPLEMENTATIONS = YES;
				CLANG_WARN_DIRECT_OBJC_ISA_USAGE = YES_ERROR;
				CLANG_WARN_DOCUMENTATION_COMMENTS = YES;
				CLANG_WARN_EMPTY_BODY = YES;
				CLANG_WARN_ENUM_CONVERSION = YES;
				CLANG_WARN_INFINITE_RECURSION = YES;
				CLANG_WARN_INT_CONVERSION = YES;
				CLANG_WARN_NON_LITERAL_NULL_CONVERSION = YES;
				CLANG_WARN_OBJC_IMPLICIT_RETAIN_SELF = YES;
				CLANG_WARN_OBJC_LITERAL_CONVERSION = YES;
				CLANG_WARN_OBJC_ROOT_CLASS = YES_ERROR;
				CLANG_WARN_RANGE_LOOP_ANALYSIS = YES;
				CLANG_WARN_STRICT_PROTOTYPES = YES;
				CLANG_WARN_SUSPICIOUS_MOVE = YES;
				CLANG_WARN_UNGUARDED_AVAILABILITY = YES_AGGRESSIVE;
				CLANG_WARN_UNREACHABLE_CODE = YES;
				CLANG_WARN__DUPLICATE_METHOD_MATCH = YES;
				COPY_PHASE_STRIP = NO;
				DEBUG_INFORMATION_FORMAT = dwarf;
				ENABLE_STRICT_OBJC_MSGSEND = YES;
				ENABLE_TESTABILITY = YES;
				GCC_C_LANGUAGE_STANDARD = gnu11;
				GCC_DYNAMIC_NO_PIC = NO;
				GCC_NO_COMMON_BLOCKS = YES;
				GCC_OPTIMIZATION_LEVEL = 0;
				GCC_PREPROCESSOR_DEFINITIONS = (
					"DEBUG=1",
					"$(inherited)",
				);
				GCC_WARN_64_TO_32_BIT_CONVERSION = YES;
				GCC_WARN_ABOUT_RETURN_TYPE = YES_ERROR;
				GCC_WARN_UNDECLARED_SELECTOR = YES;
				GCC_WARN_UNINITIALIZED_AUTOS = YES_AGGRESSIVE;
				GCC_WARN_UNUSED_FUNCTION = YES;
				GCC_WARN_UNUSED_VARIABLE = YES;
				IPHONEOS_DEPLOYMENT_TARGET = 13.4;
				MTL_ENABLE_DEBUG_INFO = INCLUDE_SOURCE;
				MTL_FAST_MATH = YES;
				ONLY_ACTIVE_ARCH = YES;
				SDKROOT = iphoneos;
				SWIFT_ACTIVE_COMPILATION_CONDITIONS = DEBUG;
				SWIFT_OPTIMIZATION_LEVEL = "-Onone";
			};
			name = Debug;
		};
		05F917CF2474A31D000228F9 /* Release */ = {
			isa = XCBuildConfiguration;
			buildSettings = {
				ALWAYS_SEARCH_USER_PATHS = NO;
				CLANG_ANALYZER_NONNULL = YES;
				CLANG_ANALYZER_NUMBER_OBJECT_CONVERSION = YES_AGGRESSIVE;
				CLANG_CXX_LANGUAGE_STANDARD = "gnu++14";
				CLANG_CXX_LIBRARY = "libc++";
				CLANG_ENABLE_MODULES = YES;
				CLANG_ENABLE_OBJC_ARC = YES;
				CLANG_ENABLE_OBJC_WEAK = YES;
				CLANG_WARN_BLOCK_CAPTURE_AUTORELEASING = YES;
				CLANG_WARN_BOOL_CONVERSION = YES;
				CLANG_WARN_COMMA = YES;
				CLANG_WARN_CONSTANT_CONVERSION = YES;
				CLANG_WARN_DEPRECATED_OBJC_IMPLEMENTATIONS = YES;
				CLANG_WARN_DIRECT_OBJC_ISA_USAGE = YES_ERROR;
				CLANG_WARN_DOCUMENTATION_COMMENTS = YES;
				CLANG_WARN_EMPTY_BODY = YES;
				CLANG_WARN_ENUM_CONVERSION = YES;
				CLANG_WARN_INFINITE_RECURSION = YES;
				CLANG_WARN_INT_CONVERSION = YES;
				CLANG_WARN_NON_LITERAL_NULL_CONVERSION = YES;
				CLANG_WARN_OBJC_IMPLICIT_RETAIN_SELF = YES;
				CLANG_WARN_OBJC_LITERAL_CONVERSION = YES;
				CLANG_WARN_OBJC_ROOT_CLASS = YES_ERROR;
				CLANG_WARN_RANGE_LOOP_ANALYSIS = YES;
				CLANG_WARN_STRICT_PROTOTYPES = YES;
				CLANG_WARN_SUSPICIOUS_MOVE = YES;
				CLANG_WARN_UNGUARDED_AVAILABILITY = YES_AGGRESSIVE;
				CLANG_WARN_UNREACHABLE_CODE = YES;
				CLANG_WARN__DUPLICATE_METHOD_MATCH = YES;
				COPY_PHASE_STRIP = NO;
				DEBUG_INFORMATION_FORMAT = "dwarf-with-dsym";
				ENABLE_NS_ASSERTIONS = NO;
				ENABLE_STRICT_OBJC_MSGSEND = YES;
				GCC_C_LANGUAGE_STANDARD = gnu11;
				GCC_NO_COMMON_BLOCKS = YES;
				GCC_WARN_64_TO_32_BIT_CONVERSION = YES;
				GCC_WARN_ABOUT_RETURN_TYPE = YES_ERROR;
				GCC_WARN_UNDECLARED_SELECTOR = YES;
				GCC_WARN_UNINITIALIZED_AUTOS = YES_AGGRESSIVE;
				GCC_WARN_UNUSED_FUNCTION = YES;
				GCC_WARN_UNUSED_VARIABLE = YES;
				IPHONEOS_DEPLOYMENT_TARGET = 13.4;
				MTL_ENABLE_DEBUG_INFO = NO;
				MTL_FAST_MATH = YES;
				SDKROOT = iphoneos;
				SWIFT_COMPILATION_MODE = wholemodule;
				SWIFT_OPTIMIZATION_LEVEL = "-O";
				VALIDATE_PRODUCT = YES;
			};
			name = Release;
		};
		05F917D12474A31D000228F9 /* Debug */ = {
			isa = XCBuildConfiguration;
			baseConfigurationReference = 6C41B17BED3B5B5D4C9F7B9A /* Pods-Blink.debug.xcconfig */;
			buildSettings = {
				ASSETCATALOG_COMPILER_APPICON_NAME = AppIcon;
				CODE_SIGN_STYLE = Automatic;
				DEVELOPMENT_TEAM = J6UP4S3UAZ;
				INFOPLIST_FILE = "$(SRCROOT)/Blink.swift/Info.plist";
				IPHONEOS_DEPLOYMENT_TARGET = 12.4;
				LD_RUNPATH_SEARCH_PATHS = (
					"$(inherited)",
					"@executable_path/Frameworks",
				);
				PRODUCT_BUNDLE_IDENTIFIER = com.devappconnect.Blink;
				PRODUCT_NAME = Blink;
				SWIFT_VERSION = 5.0;
				TARGETED_DEVICE_FAMILY = "1,2";
			};
			name = Debug;
		};
		05F917D22474A31D000228F9 /* Release */ = {
			isa = XCBuildConfiguration;
			baseConfigurationReference = 5F97D02BDE085BE10ADD9B3E /* Pods-Blink.release.xcconfig */;
			buildSettings = {
				ASSETCATALOG_COMPILER_APPICON_NAME = AppIcon;
				CODE_SIGN_STYLE = Automatic;
				DEVELOPMENT_TEAM = J6UP4S3UAZ;
				INFOPLIST_FILE = "$(SRCROOT)/Blink.swift/Info.plist";
				IPHONEOS_DEPLOYMENT_TARGET = 12.4;
				LD_RUNPATH_SEARCH_PATHS = (
					"$(inherited)",
					"@executable_path/Frameworks",
				);
				PRODUCT_BUNDLE_IDENTIFIER = com.devappconnect.Blink;
				PRODUCT_NAME = Blink;
				SWIFT_VERSION = 5.0;
				TARGETED_DEVICE_FAMILY = "1,2";
			};
			name = Release;
		};
/* End XCBuildConfiguration section */

/* Begin XCConfigurationList section */
		05F917B72474A31C000228F9 /* Build configuration list for PBXProject "Blink" */ = {
			isa = XCConfigurationList;
			buildConfigurations = (
				05F917CE2474A31D000228F9 /* Debug */,
				05F917CF2474A31D000228F9 /* Release */,
			);
			defaultConfigurationIsVisible = 0;
			defaultConfigurationName = Release;
		};
		05F917D02474A31D000228F9 /* Build configuration list for PBXNativeTarget "Blink" */ = {
			isa = XCConfigurationList;
			buildConfigurations = (
				05F917D12474A31D000228F9 /* Debug */,
				05F917D22474A31D000228F9 /* Release */,
			);
			defaultConfigurationIsVisible = 0;
			defaultConfigurationName = Release;
		};
/* End XCConfigurationList section */
	};
	rootObject = 05F917B42474A31C000228F9 /* Project object */;
}
