// !$*UTF8*$!
{
	archiveVersion = 1;
	classes = {
	};
	objectVersion = 51;
	objects = {

/* Begin PBXBuildFile section */
		050F91CB2475E96F003C29F9 /* RegisterViewController.swift in Sources */ = {isa = PBXBuildFile; fileRef = 050F91CA2475E96F003C29F9 /* RegisterViewController.swift */; };
		051A849324FD6DE000B387D6 /* FriendsController.swift in Sources */ = {isa = PBXBuildFile; fileRef = 051A849224FD6DE000B387D6 /* FriendsController.swift */; };
		051A849524FD742000B387D6 /* BaseCell.swift in Sources */ = {isa = PBXBuildFile; fileRef = 051A849424FD742000B387D6 /* BaseCell.swift */; };
		055DF160249B1DA8003364F7 /* CameraView+constraints.swift in Sources */ = {isa = PBXBuildFile; fileRef = 055DF15F249B1DA8003364F7 /* CameraView+constraints.swift */; };
		055DF162249C011F003364F7 /* SendMessageController.swift in Sources */ = {isa = PBXBuildFile; fileRef = 055DF161249C011F003364F7 /* SendMessageController.swift */; };
		055DF165249C0314003364F7 /* MessagesUserCell.swift in Sources */ = {isa = PBXBuildFile; fileRef = 055DF164249C0314003364F7 /* MessagesUserCell.swift */; };
		055DF167249C13B7003364F7 /* User.swift in Sources */ = {isa = PBXBuildFile; fileRef = 055DF166249C13B7003364F7 /* User.swift */; };
		055DF169249C15BB003364F7 /* APIService.swift in Sources */ = {isa = PBXBuildFile; fileRef = 055DF168249C15BB003364F7 /* APIService.swift */; };
		055F35C3251A75FF00102321 /* PreviewMediaView.swift in Sources */ = {isa = PBXBuildFile; fileRef = 055F35C2251A75FF00102321 /* PreviewMediaView.swift */; };
		055F35C8251A767500102321 /* PreviewMediaView+buttons.swift in Sources */ = {isa = PBXBuildFile; fileRef = 055F35C7251A767500102321 /* PreviewMediaView+buttons.swift */; };
		055F35CD251ABACE00102321 /* PreviewMediaView+constraints.swift in Sources */ = {isa = PBXBuildFile; fileRef = 055F35CC251ABACE00102321 /* PreviewMediaView+constraints.swift */; };
		055F35F0251C11C500102321 /* ShowcaseController.swift in Sources */ = {isa = PBXBuildFile; fileRef = 055F35EF251C11C500102321 /* ShowcaseController.swift */; };
		05601B4224763E3500068ADE /* SideBarMenuController.swift in Sources */ = {isa = PBXBuildFile; fileRef = 05601B4124763E3500068ADE /* SideBarMenuController.swift */; };
		05601B64247765B000068ADE /* SideBarCell.swift in Sources */ = {isa = PBXBuildFile; fileRef = 05601B63247765B000068ADE /* SideBarCell.swift */; };
		05601B6824779ED700068ADE /* ProfileController.swift in Sources */ = {isa = PBXBuildFile; fileRef = 05601B6724779ED700068ADE /* ProfileController.swift */; };
		05601B6A24779EE500068ADE /* SettingsController.swift in Sources */ = {isa = PBXBuildFile; fileRef = 05601B6924779EE500068ADE /* SettingsController.swift */; };
		05601B702478638F00068ADE /* CameraView+gestureRecognizers.swift in Sources */ = {isa = PBXBuildFile; fileRef = 05601B6F2478638F00068ADE /* CameraView+gestureRecognizers.swift */; };
		0563CD3E2490B7A40082315F /* FooterView.swift in Sources */ = {isa = PBXBuildFile; fileRef = 0563CD3D2490B7A40082315F /* FooterView.swift */; };
		0563CD402499647B0082315F /* GenePoolViewController.swift in Sources */ = {isa = PBXBuildFile; fileRef = 0563CD3F2499647B0082315F /* GenePoolViewController.swift */; };
		0563CD4424996F100082315F /* GoogleService-Info.plist in Resources */ = {isa = PBXBuildFile; fileRef = 0563CD4324996F100082315F /* GoogleService-Info.plist */; };
		0563CD4624997AAF0082315F /* Extensions.swift in Sources */ = {isa = PBXBuildFile; fileRef = 0563CD4524997AAF0082315F /* Extensions.swift */; };
		0563CD4824999CCF0082315F /* Switcher.swift in Sources */ = {isa = PBXBuildFile; fileRef = 0563CD4724999CCF0082315F /* Switcher.swift */; };
		0587107725194D31007B95E3 /* Settings.swift in Sources */ = {isa = PBXBuildFile; fileRef = 0587107625194D31007B95E3 /* Settings.swift */; };
		058710C4251978DE007B95E3 /* ProfileViewCell.swift in Sources */ = {isa = PBXBuildFile; fileRef = 058710C3251978DE007B95E3 /* ProfileViewCell.swift */; };
		058A13DB2478B1160014FD48 /* Animations.swift in Sources */ = {isa = PBXBuildFile; fileRef = 058A13DA2478B1160014FD48 /* Animations.swift */; };
		058A13E3247C8B240014FD48 /* CameraView+captureOutput.swift in Sources */ = {isa = PBXBuildFile; fileRef = 058A13E2247C8B240014FD48 /* CameraView+captureOutput.swift */; };
		058A13E8247DB5570014FD48 /* GenderSelector.swift in Sources */ = {isa = PBXBuildFile; fileRef = 058A13E7247DB5570014FD48 /* GenderSelector.swift */; };
		058A13EA247DBCF50014FD48 /* GPMediaCell.swift in Sources */ = {isa = PBXBuildFile; fileRef = 058A13E9247DBCF50014FD48 /* GPMediaCell.swift */; };
		05AEB81224A54D0100A2DEC7 /* GenePoolRegisterController.swift in Sources */ = {isa = PBXBuildFile; fileRef = 05AEB81124A54D0100A2DEC7 /* GenePoolRegisterController.swift */; };
		05F917C02474A31C000228F9 /* AppDelegate.swift in Sources */ = {isa = PBXBuildFile; fileRef = 05F917BF2474A31C000228F9 /* AppDelegate.swift */; };
		05F917C22474A31C000228F9 /* SceneDelegate.swift in Sources */ = {isa = PBXBuildFile; fileRef = 05F917C12474A31C000228F9 /* SceneDelegate.swift */; };
		05F917C42474A31C000228F9 /* CameraViewController.swift in Sources */ = {isa = PBXBuildFile; fileRef = 05F917C32474A31C000228F9 /* CameraViewController.swift */; };
		05F917C92474A31D000228F9 /* Assets.xcassets in Resources */ = {isa = PBXBuildFile; fileRef = 05F917C82474A31D000228F9 /* Assets.xcassets */; };
		05F917CC2474A31D000228F9 /* LaunchScreen.storyboard in Resources */ = {isa = PBXBuildFile; fileRef = 05F917CA2474A31D000228F9 /* LaunchScreen.storyboard */; };
		05F917D824750287000228F9 /* CameraView+buttons.swift in Sources */ = {isa = PBXBuildFile; fileRef = 05F917D724750287000228F9 /* CameraView+buttons.swift */; };
		05F917DA2475A5CF000228F9 /* LoginViewController.swift in Sources */ = {isa = PBXBuildFile; fileRef = 05F917D92475A5CF000228F9 /* LoginViewController.swift */; };
		05F9DA97250018ED007AC1B6 /* ChickCell.swift in Sources */ = {isa = PBXBuildFile; fileRef = 05F9DA96250018ED007AC1B6 /* ChickCell.swift */; };
		05F9DA99250018F8007AC1B6 /* DudeCell.swift in Sources */ = {isa = PBXBuildFile; fileRef = 05F9DA98250018F8007AC1B6 /* DudeCell.swift */; };
		05F9DA9B25001B54007AC1B6 /* GPMediaContent.swift in Sources */ = {isa = PBXBuildFile; fileRef = 05F9DA9A25001B54007AC1B6 /* GPMediaContent.swift */; };
		05F9DA9D25001BF8007AC1B6 /* SideBarCellItem.swift in Sources */ = {isa = PBXBuildFile; fileRef = 05F9DA9C25001BF8007AC1B6 /* SideBarCellItem.swift */; };
		05F9DAA025003ADB007AC1B6 /* ConnectionsController.swift in Sources */ = {isa = PBXBuildFile; fileRef = 05F9DA9F25003ADB007AC1B6 /* ConnectionsController.swift */; };
		05F9DAA825007174007AC1B6 /* BlinkTests.swift in Sources */ = {isa = PBXBuildFile; fileRef = 05F9DAA725007174007AC1B6 /* BlinkTests.swift */; };
		05F9DAB625007190007AC1B6 /* BlinkUITests.swift in Sources */ = {isa = PBXBuildFile; fileRef = 05F9DAB525007190007AC1B6 /* BlinkUITests.swift */; };
		56793090DDDFA92FAA4F1A0C /* Pods_Blink.framework in Frameworks */ = {isa = PBXBuildFile; fileRef = 3FC95E7DF65B0DF0CD303B26 /* Pods_Blink.framework */; };
/* End PBXBuildFile section */

/* Begin PBXContainerItemProxy section */
		05F9DAAA25007174007AC1B6 /* PBXContainerItemProxy */ = {
			isa = PBXContainerItemProxy;
			containerPortal = 05F917B42474A31C000228F9 /* Project object */;
			proxyType = 1;
			remoteGlobalIDString = 05F917BB2474A31C000228F9;
			remoteInfo = Blink;
		};
		05F9DAB825007190007AC1B6 /* PBXContainerItemProxy */ = {
			isa = PBXContainerItemProxy;
			containerPortal = 05F917B42474A31C000228F9 /* Project object */;
			proxyType = 1;
			remoteGlobalIDString = 05F917BB2474A31C000228F9;
			remoteInfo = Blink;
		};
/* End PBXContainerItemProxy section */

/* Begin PBXFileReference section */
		050F91CA2475E96F003C29F9 /* RegisterViewController.swift */ = {isa = PBXFileReference; lastKnownFileType = sourcecode.swift; path = RegisterViewController.swift; sourceTree = "<group>"; };
		051A849224FD6DE000B387D6 /* FriendsController.swift */ = {isa = PBXFileReference; lastKnownFileType = sourcecode.swift; path = FriendsController.swift; sourceTree = "<group>"; };
		051A849424FD742000B387D6 /* BaseCell.swift */ = {isa = PBXFileReference; lastKnownFileType = sourcecode.swift; path = BaseCell.swift; sourceTree = "<group>"; };
		055DF15F249B1DA8003364F7 /* CameraView+constraints.swift */ = {isa = PBXFileReference; lastKnownFileType = sourcecode.swift; path = "CameraView+constraints.swift"; sourceTree = "<group>"; };
		055DF161249C011F003364F7 /* SendMessageController.swift */ = {isa = PBXFileReference; lastKnownFileType = sourcecode.swift; path = SendMessageController.swift; sourceTree = "<group>"; };
		055DF164249C0314003364F7 /* MessagesUserCell.swift */ = {isa = PBXFileReference; lastKnownFileType = sourcecode.swift; path = MessagesUserCell.swift; sourceTree = "<group>"; };
		055DF166249C13B7003364F7 /* User.swift */ = {isa = PBXFileReference; lastKnownFileType = sourcecode.swift; path = User.swift; sourceTree = "<group>"; };
		055DF168249C15BB003364F7 /* APIService.swift */ = {isa = PBXFileReference; lastKnownFileType = sourcecode.swift; name = APIService.swift; path = Messages/APIService.swift; sourceTree = "<group>"; };
		055F35C2251A75FF00102321 /* PreviewMediaView.swift */ = {isa = PBXFileReference; lastKnownFileType = sourcecode.swift; path = PreviewMediaView.swift; sourceTree = "<group>"; };
		055F35C7251A767500102321 /* PreviewMediaView+buttons.swift */ = {isa = PBXFileReference; lastKnownFileType = sourcecode.swift; path = "PreviewMediaView+buttons.swift"; sourceTree = "<group>"; };
		055F35CC251ABACE00102321 /* PreviewMediaView+constraints.swift */ = {isa = PBXFileReference; lastKnownFileType = sourcecode.swift; path = "PreviewMediaView+constraints.swift"; sourceTree = "<group>"; };
		055F35EF251C11C500102321 /* ShowcaseController.swift */ = {isa = PBXFileReference; lastKnownFileType = sourcecode.swift; path = ShowcaseController.swift; sourceTree = "<group>"; };
		05601B4124763E3500068ADE /* SideBarMenuController.swift */ = {isa = PBXFileReference; lastKnownFileType = sourcecode.swift; path = SideBarMenuController.swift; sourceTree = "<group>"; };
		05601B63247765B000068ADE /* SideBarCell.swift */ = {isa = PBXFileReference; lastKnownFileType = sourcecode.swift; path = SideBarCell.swift; sourceTree = "<group>"; };
		05601B6724779ED700068ADE /* ProfileController.swift */ = {isa = PBXFileReference; lastKnownFileType = sourcecode.swift; path = ProfileController.swift; sourceTree = "<group>"; };
		05601B6924779EE500068ADE /* SettingsController.swift */ = {isa = PBXFileReference; lastKnownFileType = sourcecode.swift; path = SettingsController.swift; sourceTree = "<group>"; };
		05601B6F2478638F00068ADE /* CameraView+gestureRecognizers.swift */ = {isa = PBXFileReference; lastKnownFileType = sourcecode.swift; path = "CameraView+gestureRecognizers.swift"; sourceTree = "<group>"; };
		0563CD3D2490B7A40082315F /* FooterView.swift */ = {isa = PBXFileReference; lastKnownFileType = sourcecode.swift; path = FooterView.swift; sourceTree = "<group>"; };
		0563CD3F2499647B0082315F /* GenePoolViewController.swift */ = {isa = PBXFileReference; fileEncoding = 4; lastKnownFileType = sourcecode.swift; path = GenePoolViewController.swift; sourceTree = "<group>"; };
		0563CD4324996F100082315F /* GoogleService-Info.plist */ = {isa = PBXFileReference; lastKnownFileType = text.plist; path = "GoogleService-Info.plist"; sourceTree = SOURCE_ROOT; };
		0563CD4524997AAF0082315F /* Extensions.swift */ = {isa = PBXFileReference; lastKnownFileType = sourcecode.swift; path = Extensions.swift; sourceTree = "<group>"; };
		0563CD4724999CCF0082315F /* Switcher.swift */ = {isa = PBXFileReference; lastKnownFileType = sourcecode.swift; name = Switcher.swift; path = Blink.swift/Utility/Switcher.swift; sourceTree = SOURCE_ROOT; };
		0587107625194D31007B95E3 /* Settings.swift */ = {isa = PBXFileReference; lastKnownFileType = sourcecode.swift; path = Settings.swift; sourceTree = "<group>"; };
		058710C3251978DE007B95E3 /* ProfileViewCell.swift */ = {isa = PBXFileReference; lastKnownFileType = sourcecode.swift; path = ProfileViewCell.swift; sourceTree = "<group>"; };
		058A13DA2478B1160014FD48 /* Animations.swift */ = {isa = PBXFileReference; lastKnownFileType = sourcecode.swift; path = Animations.swift; sourceTree = "<group>"; };
		058A13E2247C8B240014FD48 /* CameraView+captureOutput.swift */ = {isa = PBXFileReference; lastKnownFileType = sourcecode.swift; path = "CameraView+captureOutput.swift"; sourceTree = "<group>"; };
		058A13E7247DB5570014FD48 /* GenderSelector.swift */ = {isa = PBXFileReference; lastKnownFileType = sourcecode.swift; path = GenderSelector.swift; sourceTree = "<group>"; };
		058A13E9247DBCF50014FD48 /* GPMediaCell.swift */ = {isa = PBXFileReference; lastKnownFileType = sourcecode.swift; path = GPMediaCell.swift; sourceTree = "<group>"; };
		05AEB81124A54D0100A2DEC7 /* GenePoolRegisterController.swift */ = {isa = PBXFileReference; lastKnownFileType = sourcecode.swift; path = GenePoolRegisterController.swift; sourceTree = "<group>"; };
		05F917BC2474A31C000228F9 /* Blink.app */ = {isa = PBXFileReference; explicitFileType = wrapper.application; includeInIndex = 0; path = Blink.app; sourceTree = BUILT_PRODUCTS_DIR; };
		05F917BF2474A31C000228F9 /* AppDelegate.swift */ = {isa = PBXFileReference; lastKnownFileType = sourcecode.swift; path = AppDelegate.swift; sourceTree = "<group>"; };
		05F917C12474A31C000228F9 /* SceneDelegate.swift */ = {isa = PBXFileReference; lastKnownFileType = sourcecode.swift; path = SceneDelegate.swift; sourceTree = "<group>"; };
		05F917C32474A31C000228F9 /* CameraViewController.swift */ = {isa = PBXFileReference; lastKnownFileType = sourcecode.swift; path = CameraViewController.swift; sourceTree = "<group>"; };
		05F917C82474A31D000228F9 /* Assets.xcassets */ = {isa = PBXFileReference; lastKnownFileType = folder.assetcatalog; path = Assets.xcassets; sourceTree = "<group>"; };
		05F917CB2474A31D000228F9 /* Base */ = {isa = PBXFileReference; lastKnownFileType = file.storyboard; name = Base; path = Base.lproj/LaunchScreen.storyboard; sourceTree = "<group>"; };
		05F917CD2474A31D000228F9 /* Info.plist */ = {isa = PBXFileReference; lastKnownFileType = text.plist.xml; path = Info.plist; sourceTree = "<group>"; };
		05F917D724750287000228F9 /* CameraView+buttons.swift */ = {isa = PBXFileReference; lastKnownFileType = sourcecode.swift; path = "CameraView+buttons.swift"; sourceTree = "<group>"; };
		05F917D92475A5CF000228F9 /* LoginViewController.swift */ = {isa = PBXFileReference; lastKnownFileType = sourcecode.swift; path = LoginViewController.swift; sourceTree = "<group>"; };
		05F9DA96250018ED007AC1B6 /* ChickCell.swift */ = {isa = PBXFileReference; lastKnownFileType = sourcecode.swift; path = ChickCell.swift; sourceTree = "<group>"; };
		05F9DA98250018F8007AC1B6 /* DudeCell.swift */ = {isa = PBXFileReference; lastKnownFileType = sourcecode.swift; path = DudeCell.swift; sourceTree = "<group>"; };
		05F9DA9A25001B54007AC1B6 /* GPMediaContent.swift */ = {isa = PBXFileReference; lastKnownFileType = sourcecode.swift; path = GPMediaContent.swift; sourceTree = "<group>"; };
		05F9DA9C25001BF8007AC1B6 /* SideBarCellItem.swift */ = {isa = PBXFileReference; lastKnownFileType = sourcecode.swift; path = SideBarCellItem.swift; sourceTree = "<group>"; };
		05F9DA9F25003ADB007AC1B6 /* ConnectionsController.swift */ = {isa = PBXFileReference; lastKnownFileType = sourcecode.swift; path = ConnectionsController.swift; sourceTree = "<group>"; };
		05F9DAA525007174007AC1B6 /* BlinkTests.xctest */ = {isa = PBXFileReference; explicitFileType = wrapper.cfbundle; includeInIndex = 0; path = BlinkTests.xctest; sourceTree = BUILT_PRODUCTS_DIR; };
		05F9DAA725007174007AC1B6 /* BlinkTests.swift */ = {isa = PBXFileReference; lastKnownFileType = sourcecode.swift; path = BlinkTests.swift; sourceTree = "<group>"; };
		05F9DAA925007174007AC1B6 /* Info.plist */ = {isa = PBXFileReference; lastKnownFileType = text.plist.xml; path = Info.plist; sourceTree = "<group>"; };
		05F9DAB325007190007AC1B6 /* BlinkUITests.xctest */ = {isa = PBXFileReference; explicitFileType = wrapper.cfbundle; includeInIndex = 0; path = BlinkUITests.xctest; sourceTree = BUILT_PRODUCTS_DIR; };
		05F9DAB525007190007AC1B6 /* BlinkUITests.swift */ = {isa = PBXFileReference; lastKnownFileType = sourcecode.swift; path = BlinkUITests.swift; sourceTree = "<group>"; };
		05F9DAB725007190007AC1B6 /* Info.plist */ = {isa = PBXFileReference; lastKnownFileType = text.plist.xml; path = Info.plist; sourceTree = "<group>"; };
		3FC95E7DF65B0DF0CD303B26 /* Pods_Blink.framework */ = {isa = PBXFileReference; explicitFileType = wrapper.framework; includeInIndex = 0; path = Pods_Blink.framework; sourceTree = BUILT_PRODUCTS_DIR; };
		5F97D02BDE085BE10ADD9B3E /* Pods-Blink.release.xcconfig */ = {isa = PBXFileReference; includeInIndex = 1; lastKnownFileType = text.xcconfig; name = "Pods-Blink.release.xcconfig"; path = "Target Support Files/Pods-Blink/Pods-Blink.release.xcconfig"; sourceTree = "<group>"; };
		6C41B17BED3B5B5D4C9F7B9A /* Pods-Blink.debug.xcconfig */ = {isa = PBXFileReference; includeInIndex = 1; lastKnownFileType = text.xcconfig; name = "Pods-Blink.debug.xcconfig"; path = "Target Support Files/Pods-Blink/Pods-Blink.debug.xcconfig"; sourceTree = "<group>"; };
/* End PBXFileReference section */

/* Begin PBXFrameworksBuildPhase section */
		05F917B92474A31C000228F9 /* Frameworks */ = {
			isa = PBXFrameworksBuildPhase;
			buildActionMask = 2147483647;
			files = (
				56793090DDDFA92FAA4F1A0C /* Pods_Blink.framework in Frameworks */,
			);
			runOnlyForDeploymentPostprocessing = 0;
		};
		05F9DAA225007174007AC1B6 /* Frameworks */ = {
			isa = PBXFrameworksBuildPhase;
			buildActionMask = 2147483647;
			files = (
			);
			runOnlyForDeploymentPostprocessing = 0;
		};
		05F9DAB025007190007AC1B6 /* Frameworks */ = {
			isa = PBXFrameworksBuildPhase;
			buildActionMask = 2147483647;
			files = (
			);
			runOnlyForDeploymentPostprocessing = 0;
		};
/* End PBXFrameworksBuildPhase section */

/* Begin PBXGroup section */
		055F35DC251C0D6000102321 /* View */ = {
			isa = PBXGroup;
			children = (
				05F9DA98250018F8007AC1B6 /* DudeCell.swift */,
				05F9DA96250018ED007AC1B6 /* ChickCell.swift */,
				058A13E9247DBCF50014FD48 /* GPMediaCell.swift */,
				058710C3251978DE007B95E3 /* ProfileViewCell.swift */,
				0563CD3D2490B7A40082315F /* FooterView.swift */,
			);
			path = View;
			sourceTree = "<group>";
		};
		055F35DD251C0D6B00102321 /* Controller */ = {
			isa = PBXGroup;
			children = (
				05AEB81124A54D0100A2DEC7 /* GenePoolRegisterController.swift */,
				0563CD3F2499647B0082315F /* GenePoolViewController.swift */,
				058A13E7247DB5570014FD48 /* GenderSelector.swift */,
			);
			path = Controller;
			sourceTree = "<group>";
		};
		055F35DE251C0E6C00102321 /* Pull Out Side Menu Controllers */ = {
			isa = PBXGroup;
			children = (
				051A849224FD6DE000B387D6 /* FriendsController.swift */,
				05601B6724779ED700068ADE /* ProfileController.swift */,
				05601B6924779EE500068ADE /* SettingsController.swift */,
				05F9DA9F25003ADB007AC1B6 /* ConnectionsController.swift */,
				055F35EF251C11C500102321 /* ShowcaseController.swift */,
			);
			path = "Pull Out Side Menu Controllers";
			sourceTree = "<group>";
		};
		055F35DF251C0F0500102321 /* Messages */ = {
			isa = PBXGroup;
			children = (
				055DF161249C011F003364F7 /* SendMessageController.swift */,
				055DF164249C0314003364F7 /* MessagesUserCell.swift */,
			);
			name = Messages;
			path = Model/Messages;
			sourceTree = "<group>";
		};
		055F35E0251C0F5300102321 /* Media Preview */ = {
			isa = PBXGroup;
			children = (
				055F35C2251A75FF00102321 /* PreviewMediaView.swift */,
				055F35C7251A767500102321 /* PreviewMediaView+buttons.swift */,
				055F35CC251ABACE00102321 /* PreviewMediaView+constraints.swift */,
			);
			path = "Media Preview";
			sourceTree = "<group>";
		};
		05601B6B24785C1300068ADE /* Login and Register */ = {
			isa = PBXGroup;
			children = (
				050F91CA2475E96F003C29F9 /* RegisterViewController.swift */,
				05F917D92475A5CF000228F9 /* LoginViewController.swift */,
			);
			path = "Login and Register";
			sourceTree = "<group>";
		};
		05601B6C24785C2900068ADE /* Utility */ = {
			isa = PBXGroup;
			children = (
				051A849424FD742000B387D6 /* BaseCell.swift */,
				0563CD4724999CCF0082315F /* Switcher.swift */,
				05F917BF2474A31C000228F9 /* AppDelegate.swift */,
				0563CD4524997AAF0082315F /* Extensions.swift */,
				05F917C12474A31C000228F9 /* SceneDelegate.swift */,
			);
			path = Utility;
			sourceTree = "<group>";
		};
		05601B6D24785C4A00068ADE /* Camera */ = {
			isa = PBXGroup;
			children = (
				055F35E0251C0F5300102321 /* Media Preview */,
				05F917C32474A31C000228F9 /* CameraViewController.swift */,
				055DF15F249B1DA8003364F7 /* CameraView+constraints.swift */,
				058A13E2247C8B240014FD48 /* CameraView+captureOutput.swift */,
				05F917D724750287000228F9 /* CameraView+buttons.swift */,
				05601B6F2478638F00068ADE /* CameraView+gestureRecognizers.swift */,
			);
			path = Camera;
			sourceTree = "<group>";
		};
		05601B6E24785C6F00068ADE /* Pull Out Side Menu */ = {
			isa = PBXGroup;
			children = (
				05601B4124763E3500068ADE /* SideBarMenuController.swift */,
				05601B63247765B000068ADE /* SideBarCell.swift */,
				055F35DE251C0E6C00102321 /* Pull Out Side Menu Controllers */,
			);
			path = "Pull Out Side Menu";
			sourceTree = "<group>";
		};
		058A13DD247C43BE0014FD48 /* Model */ = {
			isa = PBXGroup;
			children = (
				055DF166249C13B7003364F7 /* User.swift */,
				0587107625194D31007B95E3 /* Settings.swift */,
				05F9DA9A25001B54007AC1B6 /* GPMediaContent.swift */,
				05F9DA9C25001BF8007AC1B6 /* SideBarCellItem.swift */,
			);
			path = Model;
			sourceTree = "<group>";
		};
		05F917B32474A31C000228F9 = {
			isa = PBXGroup;
			children = (
				05F917BE2474A31C000228F9 /* Blink */,
				05F9DAA625007174007AC1B6 /* BlinkTests */,
				05F9DAB425007190007AC1B6 /* BlinkUITests */,
				05F917BD2474A31C000228F9 /* Products */,
				DA5D4C49B60558C0E15FCC53 /* Pods */,
				1ED2712AE4E1B3D70BE8435B /* Frameworks */,
			);
			sourceTree = "<group>";
		};
		05F917BD2474A31C000228F9 /* Products */ = {
			isa = PBXGroup;
			children = (
				05F917BC2474A31C000228F9 /* Blink.app */,
				05F9DAA525007174007AC1B6 /* BlinkTests.xctest */,
				05F9DAB325007190007AC1B6 /* BlinkUITests.xctest */,
			);
			name = Products;
			sourceTree = "<group>";
		};
		05F917BE2474A31C000228F9 /* Blink */ = {
			isa = PBXGroup;
			children = (
				055DF168249C15BB003364F7 /* APIService.swift */,
				058A13DA2478B1160014FD48 /* Animations.swift */,
				058A13DD247C43BE0014FD48 /* Model */,
				05601B6D24785C4A00068ADE /* Camera */,
				05F9DA9025001759007AC1B6 /* Gene Pool */,
				05601B6B24785C1300068ADE /* Login and Register */,
				055F35DF251C0F0500102321 /* Messages */,
				05601B6E24785C6F00068ADE /* Pull Out Side Menu */,
				05601B6C24785C2900068ADE /* Utility */,
				05F917C82474A31D000228F9 /* Assets.xcassets */,
				05F917CA2474A31D000228F9 /* LaunchScreen.storyboard */,
				0563CD4324996F100082315F /* GoogleService-Info.plist */,
				05F917CD2474A31D000228F9 /* Info.plist */,
			);
			name = Blink;
			path = Blink.swift;
			sourceTree = "<group>";
		};
		05F9DA9025001759007AC1B6 /* Gene Pool */ = {
			isa = PBXGroup;
			children = (
				055F35DD251C0D6B00102321 /* Controller */,
				055F35DC251C0D6000102321 /* View */,
			);
			path = "Gene Pool";
			sourceTree = "<group>";
		};
		05F9DAA625007174007AC1B6 /* BlinkTests */ = {
			isa = PBXGroup;
			children = (
				05F9DAA725007174007AC1B6 /* BlinkTests.swift */,
				05F9DAA925007174007AC1B6 /* Info.plist */,
			);
			path = BlinkTests;
			sourceTree = "<group>";
		};
		05F9DAB425007190007AC1B6 /* BlinkUITests */ = {
			isa = PBXGroup;
			children = (
				05F9DAB525007190007AC1B6 /* BlinkUITests.swift */,
				05F9DAB725007190007AC1B6 /* Info.plist */,
			);
			path = BlinkUITests;
			sourceTree = "<group>";
		};
		1ED2712AE4E1B3D70BE8435B /* Frameworks */ = {
			isa = PBXGroup;
			children = (
				3FC95E7DF65B0DF0CD303B26 /* Pods_Blink.framework */,
			);
			name = Frameworks;
			sourceTree = "<group>";
		};
		DA5D4C49B60558C0E15FCC53 /* Pods */ = {
			isa = PBXGroup;
			children = (
				6C41B17BED3B5B5D4C9F7B9A /* Pods-Blink.debug.xcconfig */,
				5F97D02BDE085BE10ADD9B3E /* Pods-Blink.release.xcconfig */,
			);
			path = Pods;
			sourceTree = "<group>";
		};
/* End PBXGroup section */

/* Begin PBXNativeTarget section */
		05F917BB2474A31C000228F9 /* Blink */ = {
			isa = PBXNativeTarget;
			buildConfigurationList = 05F917D02474A31D000228F9 /* Build configuration list for PBXNativeTarget "Blink" */;
			buildPhases = (
				CF1F7E8E14C4B390BD73CC4B /* [CP] Check Pods Manifest.lock */,
				05F917B82474A31C000228F9 /* Sources */,
				05F917B92474A31C000228F9 /* Frameworks */,
				05F917BA2474A31C000228F9 /* Resources */,
				5140439E828BF7A23B6EC0EC /* [CP] Embed Pods Frameworks */,
			);
			buildRules = (
			);
			dependencies = (
			);
			name = Blink;
			productName = Blink2;
			productReference = 05F917BC2474A31C000228F9 /* Blink.app */;
			productType = "com.apple.product-type.application";
		};
		05F9DAA425007174007AC1B6 /* BlinkTests */ = {
			isa = PBXNativeTarget;
			buildConfigurationList = 05F9DAAC25007174007AC1B6 /* Build configuration list for PBXNativeTarget "BlinkTests" */;
			buildPhases = (
				05F9DAA125007174007AC1B6 /* Sources */,
				05F9DAA225007174007AC1B6 /* Frameworks */,
				05F9DAA325007174007AC1B6 /* Resources */,
			);
			buildRules = (
			);
			dependencies = (
				05F9DAAB25007174007AC1B6 /* PBXTargetDependency */,
			);
			name = BlinkTests;
			productName = BlinkTests;
			productReference = 05F9DAA525007174007AC1B6 /* BlinkTests.xctest */;
			productType = "com.apple.product-type.bundle.unit-test";
		};
		05F9DAB225007190007AC1B6 /* BlinkUITests */ = {
			isa = PBXNativeTarget;
			buildConfigurationList = 05F9DABA25007190007AC1B6 /* Build configuration list for PBXNativeTarget "BlinkUITests" */;
			buildPhases = (
				05F9DAAF25007190007AC1B6 /* Sources */,
				05F9DAB025007190007AC1B6 /* Frameworks */,
				05F9DAB125007190007AC1B6 /* Resources */,
			);
			buildRules = (
			);
			dependencies = (
				05F9DAB925007190007AC1B6 /* PBXTargetDependency */,
			);
			name = BlinkUITests;
			productName = BlinkUITests;
			productReference = 05F9DAB325007190007AC1B6 /* BlinkUITests.xctest */;
			productType = "com.apple.product-type.bundle.ui-testing";
		};
/* End PBXNativeTarget section */

/* Begin PBXProject section */
		05F917B42474A31C000228F9 /* Project object */ = {
			isa = PBXProject;
			attributes = {
				LastSwiftUpdateCheck = 1200;
				LastUpgradeCheck = 1200;
				ORGANIZATIONNAME = "Brian Foley";
				TargetAttributes = {
					05F917BB2474A31C000228F9 = {
						CreatedOnToolsVersion = 11.4.1;
					};
					05F9DAA425007174007AC1B6 = {
						CreatedOnToolsVersion = 12.0;
						TestTargetID = 05F917BB2474A31C000228F9;
					};
					05F9DAB225007190007AC1B6 = {
						CreatedOnToolsVersion = 12.0;
						TestTargetID = 05F917BB2474A31C000228F9;
					};
				};
			};
			buildConfigurationList = 05F917B72474A31C000228F9 /* Build configuration list for PBXProject "Blink" */;
			compatibilityVersion = "Xcode 9.3";
			developmentRegion = en;
			hasScannedForEncodings = 0;
			knownRegions = (
				en,
				Base,
			);
			mainGroup = 05F917B32474A31C000228F9;
			productRefGroup = 05F917BD2474A31C000228F9 /* Products */;
			projectDirPath = "";
			projectRoot = "";
			targets = (
				05F917BB2474A31C000228F9 /* Blink */,
				05F9DAA425007174007AC1B6 /* BlinkTests */,
				05F9DAB225007190007AC1B6 /* BlinkUITests */,
			);
		};
/* End PBXProject section */

/* Begin PBXResourcesBuildPhase section */
		05F917BA2474A31C000228F9 /* Resources */ = {
			isa = PBXResourcesBuildPhase;
			buildActionMask = 2147483647;
			files = (
				05F917CC2474A31D000228F9 /* LaunchScreen.storyboard in Resources */,
				05F917C92474A31D000228F9 /* Assets.xcassets in Resources */,
				0563CD4424996F100082315F /* GoogleService-Info.plist in Resources */,
			);
			runOnlyForDeploymentPostprocessing = 0;
		};
		05F9DAA325007174007AC1B6 /* Resources */ = {
			isa = PBXResourcesBuildPhase;
			buildActionMask = 2147483647;
			files = (
			);
			runOnlyForDeploymentPostprocessing = 0;
		};
		05F9DAB125007190007AC1B6 /* Resources */ = {
			isa = PBXResourcesBuildPhase;
			buildActionMask = 2147483647;
			files = (
			);
			runOnlyForDeploymentPostprocessing = 0;
		};
/* End PBXResourcesBuildPhase section */

/* Begin PBXShellScriptBuildPhase section */
		5140439E828BF7A23B6EC0EC /* [CP] Embed Pods Frameworks */ = {
			isa = PBXShellScriptBuildPhase;
			buildActionMask = 2147483647;
			files = (
			);
			inputFileListPaths = (
				"${PODS_ROOT}/Target Support Files/Pods-Blink/Pods-Blink-frameworks-${CONFIGURATION}-input-files.xcfilelist",
			);
			name = "[CP] Embed Pods Frameworks";
			outputFileListPaths = (
				"${PODS_ROOT}/Target Support Files/Pods-Blink/Pods-Blink-frameworks-${CONFIGURATION}-output-files.xcfilelist",
			);
			runOnlyForDeploymentPostprocessing = 0;
			shellPath = /bin/sh;
			shellScript = "\"${PODS_ROOT}/Target Support Files/Pods-Blink/Pods-Blink-frameworks.sh\"\n";
			showEnvVarsInLog = 0;
		};
		CF1F7E8E14C4B390BD73CC4B /* [CP] Check Pods Manifest.lock */ = {
			isa = PBXShellScriptBuildPhase;
			buildActionMask = 2147483647;
			files = (
			);
			inputFileListPaths = (
			);
			inputPaths = (
				"${PODS_PODFILE_DIR_PATH}/Podfile.lock",
				"${PODS_ROOT}/Manifest.lock",
			);
			name = "[CP] Check Pods Manifest.lock";
			outputFileListPaths = (
			);
			outputPaths = (
				"$(DERIVED_FILE_DIR)/Pods-Blink-checkManifestLockResult.txt",
			);
			runOnlyForDeploymentPostprocessing = 0;
			shellPath = /bin/sh;
			shellScript = "diff \"${PODS_PODFILE_DIR_PATH}/Podfile.lock\" \"${PODS_ROOT}/Manifest.lock\" > /dev/null\nif [ $? != 0 ] ; then\n    # print error to STDERR\n    echo \"error: The sandbox is not in sync with the Podfile.lock. Run 'pod install' or update your CocoaPods installation.\" >&2\n    exit 1\nfi\n# This output is used by Xcode 'outputs' to avoid re-running this script phase.\necho \"SUCCESS\" > \"${SCRIPT_OUTPUT_FILE_0}\"\n";
			showEnvVarsInLog = 0;
		};
/* End PBXShellScriptBuildPhase section */

/* Begin PBXSourcesBuildPhase section */
		05F917B82474A31C000228F9 /* Sources */ = {
			isa = PBXSourcesBuildPhase;
			buildActionMask = 2147483647;
			files = (
				055F35F0251C11C500102321 /* ShowcaseController.swift in Sources */,
				05601B4224763E3500068ADE /* SideBarMenuController.swift in Sources */,
				055DF169249C15BB003364F7 /* APIService.swift in Sources */,
				0563CD402499647B0082315F /* GenePoolViewController.swift in Sources */,
				05F917C42474A31C000228F9 /* CameraViewController.swift in Sources */,
				05F917C02474A31C000228F9 /* AppDelegate.swift in Sources */,
				05601B702478638F00068ADE /* CameraView+gestureRecognizers.swift in Sources */,
				058A13E3247C8B240014FD48 /* CameraView+captureOutput.swift in Sources */,
				051A849324FD6DE000B387D6 /* FriendsController.swift in Sources */,
				0563CD3E2490B7A40082315F /* FooterView.swift in Sources */,
				0563CD4624997AAF0082315F /* Extensions.swift in Sources */,
				05F9DA97250018ED007AC1B6 /* ChickCell.swift in Sources */,
				05F9DA99250018F8007AC1B6 /* DudeCell.swift in Sources */,
				058A13E8247DB5570014FD48 /* GenderSelector.swift in Sources */,
				050F91CB2475E96F003C29F9 /* RegisterViewController.swift in Sources */,
				0563CD4824999CCF0082315F /* Switcher.swift in Sources */,
				055DF165249C0314003364F7 /* MessagesUserCell.swift in Sources */,
				05F917D824750287000228F9 /* CameraView+buttons.swift in Sources */,
				058A13DB2478B1160014FD48 /* Animations.swift in Sources */,
				05F9DAA025003ADB007AC1B6 /* ConnectionsController.swift in Sources */,
				0587107725194D31007B95E3 /* Settings.swift in Sources */,
				055DF162249C011F003364F7 /* SendMessageController.swift in Sources */,
				055DF160249B1DA8003364F7 /* CameraView+constraints.swift in Sources */,
				05601B6A24779EE500068ADE /* SettingsController.swift in Sources */,
				058710C4251978DE007B95E3 /* ProfileViewCell.swift in Sources */,
				055F35CD251ABACE00102321 /* PreviewMediaView+constraints.swift in Sources */,
				05F917DA2475A5CF000228F9 /* LoginViewController.swift in Sources */,
				05F917C22474A31C000228F9 /* SceneDelegate.swift in Sources */,
				055DF167249C13B7003364F7 /* User.swift in Sources */,
				05AEB81224A54D0100A2DEC7 /* GenePoolRegisterController.swift in Sources */,
				05601B6824779ED700068ADE /* ProfileController.swift in Sources */,
				055F35C3251A75FF00102321 /* PreviewMediaView.swift in Sources */,
				05F9DA9D25001BF8007AC1B6 /* SideBarCellItem.swift in Sources */,
				05F9DA9B25001B54007AC1B6 /* GPMediaContent.swift in Sources */,
				05601B64247765B000068ADE /* SideBarCell.swift in Sources */,
				055F35C8251A767500102321 /* PreviewMediaView+buttons.swift in Sources */,
				051A849524FD742000B387D6 /* BaseCell.swift in Sources */,
				058A13EA247DBCF50014FD48 /* GPMediaCell.swift in Sources */,
			);
			runOnlyForDeploymentPostprocessing = 0;
		};
		05F9DAA125007174007AC1B6 /* Sources */ = {
			isa = PBXSourcesBuildPhase;
			buildActionMask = 2147483647;
			files = (
				05F9DAA825007174007AC1B6 /* BlinkTests.swift in Sources */,
			);
			runOnlyForDeploymentPostprocessing = 0;
		};
		05F9DAAF25007190007AC1B6 /* Sources */ = {
			isa = PBXSourcesBuildPhase;
			buildActionMask = 2147483647;
			files = (
				05F9DAB625007190007AC1B6 /* BlinkUITests.swift in Sources */,
			);
			runOnlyForDeploymentPostprocessing = 0;
		};
/* End PBXSourcesBuildPhase section */

/* Begin PBXTargetDependency section */
		05F9DAAB25007174007AC1B6 /* PBXTargetDependency */ = {
			isa = PBXTargetDependency;
			target = 05F917BB2474A31C000228F9 /* Blink */;
			targetProxy = 05F9DAAA25007174007AC1B6 /* PBXContainerItemProxy */;
		};
		05F9DAB925007190007AC1B6 /* PBXTargetDependency */ = {
			isa = PBXTargetDependency;
			target = 05F917BB2474A31C000228F9 /* Blink */;
			targetProxy = 05F9DAB825007190007AC1B6 /* PBXContainerItemProxy */;
		};
/* End PBXTargetDependency section */

/* Begin PBXVariantGroup section */
		05F917CA2474A31D000228F9 /* LaunchScreen.storyboard */ = {
			isa = PBXVariantGroup;
			children = (
				05F917CB2474A31D000228F9 /* Base */,
			);
			name = LaunchScreen.storyboard;
			sourceTree = "<group>";
		};
/* End PBXVariantGroup section */

/* Begin XCBuildConfiguration section */
		05F917CE2474A31D000228F9 /* Debug */ = {
			isa = XCBuildConfiguration;
			buildSettings = {
				ALWAYS_SEARCH_USER_PATHS = NO;
				CLANG_ANALYZER_NONNULL = YES;
				CLANG_ANALYZER_NUMBER_OBJECT_CONVERSION = YES_AGGRESSIVE;
				CLANG_CXX_LANGUAGE_STANDARD = "gnu++14";
				CLANG_CXX_LIBRARY = "libc++";
				CLANG_ENABLE_MODULES = YES;
				CLANG_ENABLE_OBJC_ARC = YES;
				CLANG_ENABLE_OBJC_WEAK = YES;
				CLANG_WARN_BLOCK_CAPTURE_AUTORELEASING = YES;
				CLANG_WARN_BOOL_CONVERSION = YES;
				CLANG_WARN_COMMA = YES;
				CLANG_WARN_CONSTANT_CONVERSION = YES;
				CLANG_WARN_DEPRECATED_OBJC_IMPLEMENTATIONS = YES;
				CLANG_WARN_DIRECT_OBJC_ISA_USAGE = YES_ERROR;
				CLANG_WARN_DOCUMENTATION_COMMENTS = YES;
				CLANG_WARN_EMPTY_BODY = YES;
				CLANG_WARN_ENUM_CONVERSION = YES;
				CLANG_WARN_INFINITE_RECURSION = YES;
				CLANG_WARN_INT_CONVERSION = YES;
				CLANG_WARN_NON_LITERAL_NULL_CONVERSION = YES;
				CLANG_WARN_OBJC_IMPLICIT_RETAIN_SELF = YES;
				CLANG_WARN_OBJC_LITERAL_CONVERSION = YES;
				CLANG_WARN_OBJC_ROOT_CLASS = YES_ERROR;
				CLANG_WARN_QUOTED_INCLUDE_IN_FRAMEWORK_HEADER = YES;
				CLANG_WARN_RANGE_LOOP_ANALYSIS = YES;
				CLANG_WARN_STRICT_PROTOTYPES = YES;
				CLANG_WARN_SUSPICIOUS_MOVE = YES;
				CLANG_WARN_UNGUARDED_AVAILABILITY = YES_AGGRESSIVE;
				CLANG_WARN_UNREACHABLE_CODE = YES;
				CLANG_WARN__DUPLICATE_METHOD_MATCH = YES;
				COPY_PHASE_STRIP = NO;
				DEBUG_INFORMATION_FORMAT = dwarf;
				ENABLE_STRICT_OBJC_MSGSEND = YES;
				ENABLE_TESTABILITY = YES;
				GCC_C_LANGUAGE_STANDARD = gnu11;
				GCC_DYNAMIC_NO_PIC = NO;
				GCC_NO_COMMON_BLOCKS = YES;
				GCC_OPTIMIZATION_LEVEL = 0;
				GCC_PREPROCESSOR_DEFINITIONS = (
					"DEBUG=1",
					"$(inherited)",
				);
				GCC_WARN_64_TO_32_BIT_CONVERSION = YES;
				GCC_WARN_ABOUT_RETURN_TYPE = YES_ERROR;
				GCC_WARN_UNDECLARED_SELECTOR = YES;
				GCC_WARN_UNINITIALIZED_AUTOS = YES_AGGRESSIVE;
				GCC_WARN_UNUSED_FUNCTION = YES;
				GCC_WARN_UNUSED_VARIABLE = YES;
				IPHONEOS_DEPLOYMENT_TARGET = 13.4;
				MTL_ENABLE_DEBUG_INFO = INCLUDE_SOURCE;
				MTL_FAST_MATH = YES;
				ONLY_ACTIVE_ARCH = YES;
				SDKROOT = iphoneos;
				SWIFT_ACTIVE_COMPILATION_CONDITIONS = DEBUG;
				SWIFT_OPTIMIZATION_LEVEL = "-Onone";
			};
			name = Debug;
		};
		05F917CF2474A31D000228F9 /* Release */ = {
			isa = XCBuildConfiguration;
			buildSettings = {
				ALWAYS_SEARCH_USER_PATHS = NO;
				CLANG_ANALYZER_NONNULL = YES;
				CLANG_ANALYZER_NUMBER_OBJECT_CONVERSION = YES_AGGRESSIVE;
				CLANG_CXX_LANGUAGE_STANDARD = "gnu++14";
				CLANG_CXX_LIBRARY = "libc++";
				CLANG_ENABLE_MODULES = YES;
				CLANG_ENABLE_OBJC_ARC = YES;
				CLANG_ENABLE_OBJC_WEAK = YES;
				CLANG_WARN_BLOCK_CAPTURE_AUTORELEASING = YES;
				CLANG_WARN_BOOL_CONVERSION = YES;
				CLANG_WARN_COMMA = YES;
				CLANG_WARN_CONSTANT_CONVERSION = YES;
				CLANG_WARN_DEPRECATED_OBJC_IMPLEMENTATIONS = YES;
				CLANG_WARN_DIRECT_OBJC_ISA_USAGE = YES_ERROR;
				CLANG_WARN_DOCUMENTATION_COMMENTS = YES;
				CLANG_WARN_EMPTY_BODY = YES;
				CLANG_WARN_ENUM_CONVERSION = YES;
				CLANG_WARN_INFINITE_RECURSION = YES;
				CLANG_WARN_INT_CONVERSION = YES;
				CLANG_WARN_NON_LITERAL_NULL_CONVERSION = YES;
				CLANG_WARN_OBJC_IMPLICIT_RETAIN_SELF = YES;
				CLANG_WARN_OBJC_LITERAL_CONVERSION = YES;
				CLANG_WARN_OBJC_ROOT_CLASS = YES_ERROR;
				CLANG_WARN_QUOTED_INCLUDE_IN_FRAMEWORK_HEADER = YES;
				CLANG_WARN_RANGE_LOOP_ANALYSIS = YES;
				CLANG_WARN_STRICT_PROTOTYPES = YES;
				CLANG_WARN_SUSPICIOUS_MOVE = YES;
				CLANG_WARN_UNGUARDED_AVAILABILITY = YES_AGGRESSIVE;
				CLANG_WARN_UNREACHABLE_CODE = YES;
				CLANG_WARN__DUPLICATE_METHOD_MATCH = YES;
				COPY_PHASE_STRIP = NO;
				DEBUG_INFORMATION_FORMAT = "dwarf-with-dsym";
				ENABLE_NS_ASSERTIONS = NO;
				ENABLE_STRICT_OBJC_MSGSEND = YES;
				GCC_C_LANGUAGE_STANDARD = gnu11;
				GCC_NO_COMMON_BLOCKS = YES;
				GCC_WARN_64_TO_32_BIT_CONVERSION = YES;
				GCC_WARN_ABOUT_RETURN_TYPE = YES_ERROR;
				GCC_WARN_UNDECLARED_SELECTOR = YES;
				GCC_WARN_UNINITIALIZED_AUTOS = YES_AGGRESSIVE;
				GCC_WARN_UNUSED_FUNCTION = YES;
				GCC_WARN_UNUSED_VARIABLE = YES;
				IPHONEOS_DEPLOYMENT_TARGET = 13.4;
				MTL_ENABLE_DEBUG_INFO = NO;
				MTL_FAST_MATH = YES;
				SDKROOT = iphoneos;
				SWIFT_COMPILATION_MODE = wholemodule;
				SWIFT_OPTIMIZATION_LEVEL = "-O";
				VALIDATE_PRODUCT = YES;
			};
			name = Release;
		};
		05F917D12474A31D000228F9 /* Debug */ = {
			isa = XCBuildConfiguration;
			baseConfigurationReference = 6C41B17BED3B5B5D4C9F7B9A /* Pods-Blink.debug.xcconfig */;
			buildSettings = {
				ASSETCATALOG_COMPILER_APPICON_NAME = AppIcon;
				CODE_SIGN_STYLE = Automatic;
				DEVELOPMENT_TEAM = J6UP4S3UAZ;
				INFOPLIST_FILE = "$(SRCROOT)/Blink.swift/Info.plist";
				IPHONEOS_DEPLOYMENT_TARGET = 13.5;
				LD_RUNPATH_SEARCH_PATHS = (
					"$(inherited)",
					"@executable_path/Frameworks",
				);
				PRODUCT_BUNDLE_IDENTIFIER = com.devappconnect.Blink;
				PRODUCT_NAME = Blink;
				SWIFT_VERSION = 5.0;
				TARGETED_DEVICE_FAMILY = "1,2";
			};
			name = Debug;
		};
		05F917D22474A31D000228F9 /* Release */ = {
			isa = XCBuildConfiguration;
			baseConfigurationReference = 5F97D02BDE085BE10ADD9B3E /* Pods-Blink.release.xcconfig */;
			buildSettings = {
				ASSETCATALOG_COMPILER_APPICON_NAME = AppIcon;
				CODE_SIGN_STYLE = Automatic;
				DEVELOPMENT_TEAM = J6UP4S3UAZ;
				INFOPLIST_FILE = "$(SRCROOT)/Blink.swift/Info.plist";
				IPHONEOS_DEPLOYMENT_TARGET = 13.5;
				LD_RUNPATH_SEARCH_PATHS = (
					"$(inherited)",
					"@executable_path/Frameworks",
				);
				PRODUCT_BUNDLE_IDENTIFIER = com.devappconnect.Blink;
				PRODUCT_NAME = Blink;
				SWIFT_VERSION = 5.0;
				TARGETED_DEVICE_FAMILY = "1,2";
			};
			name = Release;
		};
		05F9DAAD25007174007AC1B6 /* Debug */ = {
			isa = XCBuildConfiguration;
			buildSettings = {
				BUNDLE_LOADER = "$(TEST_HOST)";
				CODE_SIGN_STYLE = Automatic;
				DEVELOPMENT_TEAM = J6UP4S3UAZ;
				INFOPLIST_FILE = BlinkTests/Info.plist;
				IPHONEOS_DEPLOYMENT_TARGET = 14.0;
				LD_RUNPATH_SEARCH_PATHS = (
					"$(inherited)",
					"@executable_path/Frameworks",
					"@loader_path/Frameworks",
				);
				PRODUCT_BUNDLE_IDENTIFIER = test.BlinkTests;
				PRODUCT_NAME = "$(TARGET_NAME)";
				SWIFT_VERSION = 5.0;
				TARGETED_DEVICE_FAMILY = "1,2";
				TEST_HOST = "$(BUILT_PRODUCTS_DIR)/Blink.app/Blink";
			};
			name = Debug;
		};
		05F9DAAE25007174007AC1B6 /* Release */ = {
			isa = XCBuildConfiguration;
			buildSettings = {
				BUNDLE_LOADER = "$(TEST_HOST)";
				CODE_SIGN_STYLE = Automatic;
				DEVELOPMENT_TEAM = J6UP4S3UAZ;
				INFOPLIST_FILE = BlinkTests/Info.plist;
				IPHONEOS_DEPLOYMENT_TARGET = 14.0;
				LD_RUNPATH_SEARCH_PATHS = (
					"$(inherited)",
					"@executable_path/Frameworks",
					"@loader_path/Frameworks",
				);
				PRODUCT_BUNDLE_IDENTIFIER = test.BlinkTests;
				PRODUCT_NAME = "$(TARGET_NAME)";
				SWIFT_VERSION = 5.0;
				TARGETED_DEVICE_FAMILY = "1,2";
				TEST_HOST = "$(BUILT_PRODUCTS_DIR)/Blink.app/Blink";
			};
			name = Release;
		};
		05F9DABB25007190007AC1B6 /* Debug */ = {
			isa = XCBuildConfiguration;
			buildSettings = {
				CODE_SIGN_STYLE = Automatic;
				DEVELOPMENT_TEAM = J6UP4S3UAZ;
				INFOPLIST_FILE = BlinkUITests/Info.plist;
				IPHONEOS_DEPLOYMENT_TARGET = 14.0;
				LD_RUNPATH_SEARCH_PATHS = (
					"$(inherited)",
					"@executable_path/Frameworks",
					"@loader_path/Frameworks",
				);
				PRODUCT_BUNDLE_IDENTIFIER = test.BlinkUITests;
				PRODUCT_NAME = "$(TARGET_NAME)";
				SWIFT_VERSION = 5.0;
				TARGETED_DEVICE_FAMILY = "1,2";
				TEST_TARGET_NAME = Blink;
			};
			name = Debug;
		};
		05F9DABC25007190007AC1B6 /* Release */ = {
			isa = XCBuildConfiguration;
			buildSettings = {
				CODE_SIGN_STYLE = Automatic;
				DEVELOPMENT_TEAM = J6UP4S3UAZ;
				INFOPLIST_FILE = BlinkUITests/Info.plist;
				IPHONEOS_DEPLOYMENT_TARGET = 14.0;
				LD_RUNPATH_SEARCH_PATHS = (
					"$(inherited)",
					"@executable_path/Frameworks",
					"@loader_path/Frameworks",
				);
				PRODUCT_BUNDLE_IDENTIFIER = test.BlinkUITests;
				PRODUCT_NAME = "$(TARGET_NAME)";
				SWIFT_VERSION = 5.0;
				TARGETED_DEVICE_FAMILY = "1,2";
				TEST_TARGET_NAME = Blink;
			};
			name = Release;
		};
/* End XCBuildConfiguration section */

/* Begin XCConfigurationList section */
		05F917B72474A31C000228F9 /* Build configuration list for PBXProject "Blink" */ = {
			isa = XCConfigurationList;
			buildConfigurations = (
				05F917CE2474A31D000228F9 /* Debug */,
				05F917CF2474A31D000228F9 /* Release */,
			);
			defaultConfigurationIsVisible = 0;
			defaultConfigurationName = Release;
		};
		05F917D02474A31D000228F9 /* Build configuration list for PBXNativeTarget "Blink" */ = {
			isa = XCConfigurationList;
			buildConfigurations = (
				05F917D12474A31D000228F9 /* Debug */,
				05F917D22474A31D000228F9 /* Release */,
			);
			defaultConfigurationIsVisible = 0;
			defaultConfigurationName = Release;
		};
		05F9DAAC25007174007AC1B6 /* Build configuration list for PBXNativeTarget "BlinkTests" */ = {
			isa = XCConfigurationList;
			buildConfigurations = (
				05F9DAAD25007174007AC1B6 /* Debug */,
				05F9DAAE25007174007AC1B6 /* Release */,
			);
			defaultConfigurationIsVisible = 0;
			defaultConfigurationName = Release;
		};
		05F9DABA25007190007AC1B6 /* Build configuration list for PBXNativeTarget "BlinkUITests" */ = {
			isa = XCConfigurationList;
			buildConfigurations = (
				05F9DABB25007190007AC1B6 /* Debug */,
				05F9DABC25007190007AC1B6 /* Release */,
			);
			defaultConfigurationIsVisible = 0;
			defaultConfigurationName = Release;
		};
/* End XCConfigurationList section */
	};
	rootObject = 05F917B42474A31C000228F9 /* Project object */;
}
