// !$*UTF8*$!
{
	archiveVersion = 1;
	classes = {
	};
	objectVersion = 50;
	objects = {

/* Begin PBXBuildFile section */
		050F91CB2475E96F003C29F9 /* RegisterForm.swift in Sources */ = {isa = PBXBuildFile; fileRef = 050F91CA2475E96F003C29F9 /* RegisterForm.swift */; };
		05601B4024763BE600068ADE /* SlideInPresentationManager.swift in Sources */ = {isa = PBXBuildFile; fileRef = 05601B3F24763BE600068ADE /* SlideInPresentationManager.swift */; };
		05601B4224763E3500068ADE /* SideBarMenu.swift in Sources */ = {isa = PBXBuildFile; fileRef = 05601B4124763E3500068ADE /* SideBarMenu.swift */; };
		05601B64247765B000068ADE /* SideBarCell.swift in Sources */ = {isa = PBXBuildFile; fileRef = 05601B63247765B000068ADE /* SideBarCell.swift */; };
		05601B6624778A2300068ADE /* Extensions+sidBar.swift in Sources */ = {isa = PBXBuildFile; fileRef = 05601B6524778A2300068ADE /* Extensions+sidBar.swift */; };
		05601B6824779ED700068ADE /* Profile.swift in Sources */ = {isa = PBXBuildFile; fileRef = 05601B6724779ED700068ADE /* Profile.swift */; };
		05601B6A24779EE500068ADE /* Settings.swift in Sources */ = {isa = PBXBuildFile; fileRef = 05601B6924779EE500068ADE /* Settings.swift */; };
		05601B702478638F00068ADE /* Extension+CamGestureRecognizers.swift in Sources */ = {isa = PBXBuildFile; fileRef = 05601B6F2478638F00068ADE /* Extension+CamGestureRecognizers.swift */; };
		05F917C02474A31C000228F9 /* AppDelegate.swift in Sources */ = {isa = PBXBuildFile; fileRef = 05F917BF2474A31C000228F9 /* AppDelegate.swift */; };
		05F917C22474A31C000228F9 /* SceneDelegate.swift in Sources */ = {isa = PBXBuildFile; fileRef = 05F917C12474A31C000228F9 /* SceneDelegate.swift */; };
		05F917C42474A31C000228F9 /* CameraViewController.swift in Sources */ = {isa = PBXBuildFile; fileRef = 05F917C32474A31C000228F9 /* CameraViewController.swift */; };
		05F917C92474A31D000228F9 /* Assets.xcassets in Resources */ = {isa = PBXBuildFile; fileRef = 05F917C82474A31D000228F9 /* Assets.xcassets */; };
		05F917CC2474A31D000228F9 /* LaunchScreen.storyboard in Resources */ = {isa = PBXBuildFile; fileRef = 05F917CA2474A31D000228F9 /* LaunchScreen.storyboard */; };
		05F917D824750287000228F9 /* CameraViewController+constraints.swift in Sources */ = {isa = PBXBuildFile; fileRef = 05F917D724750287000228F9 /* CameraViewController+constraints.swift */; };
		05F917DA2475A5CF000228F9 /* LoginViewController.swift in Sources */ = {isa = PBXBuildFile; fileRef = 05F917D92475A5CF000228F9 /* LoginViewController.swift */; };
/* End PBXBuildFile section */

/* Begin PBXFileReference section */
		050F91CA2475E96F003C29F9 /* RegisterForm.swift */ = {isa = PBXFileReference; lastKnownFileType = sourcecode.swift; path = RegisterForm.swift; sourceTree = "<group>"; };
		05601B3F24763BE600068ADE /* SlideInPresentationManager.swift */ = {isa = PBXFileReference; lastKnownFileType = sourcecode.swift; path = SlideInPresentationManager.swift; sourceTree = "<group>"; };
		05601B4124763E3500068ADE /* SideBarMenu.swift */ = {isa = PBXFileReference; lastKnownFileType = sourcecode.swift; path = SideBarMenu.swift; sourceTree = "<group>"; };
		05601B63247765B000068ADE /* SideBarCell.swift */ = {isa = PBXFileReference; lastKnownFileType = sourcecode.swift; path = SideBarCell.swift; sourceTree = "<group>"; };
		05601B6524778A2300068ADE /* Extensions+sidBar.swift */ = {isa = PBXFileReference; lastKnownFileType = sourcecode.swift; path = "Extensions+sidBar.swift"; sourceTree = "<group>"; };
		05601B6724779ED700068ADE /* Profile.swift */ = {isa = PBXFileReference; lastKnownFileType = sourcecode.swift; path = Profile.swift; sourceTree = "<group>"; };
		05601B6924779EE500068ADE /* Settings.swift */ = {isa = PBXFileReference; lastKnownFileType = sourcecode.swift; path = Settings.swift; sourceTree = "<group>"; };
		05601B6F2478638F00068ADE /* Extension+CamGestureRecognizers.swift */ = {isa = PBXFileReference; lastKnownFileType = sourcecode.swift; path = "Extension+CamGestureRecognizers.swift"; sourceTree = "<group>"; };
		05F917BC2474A31C000228F9 /* Blink2.app */ = {isa = PBXFileReference; explicitFileType = wrapper.application; includeInIndex = 0; path = Blink2.app; sourceTree = BUILT_PRODUCTS_DIR; };
		05F917BF2474A31C000228F9 /* AppDelegate.swift */ = {isa = PBXFileReference; lastKnownFileType = sourcecode.swift; path = AppDelegate.swift; sourceTree = "<group>"; };
		05F917C12474A31C000228F9 /* SceneDelegate.swift */ = {isa = PBXFileReference; lastKnownFileType = sourcecode.swift; path = SceneDelegate.swift; sourceTree = "<group>"; };
		05F917C32474A31C000228F9 /* CameraViewController.swift */ = {isa = PBXFileReference; lastKnownFileType = sourcecode.swift; path = CameraViewController.swift; sourceTree = "<group>"; };
		05F917C82474A31D000228F9 /* Assets.xcassets */ = {isa = PBXFileReference; lastKnownFileType = folder.assetcatalog; path = Assets.xcassets; sourceTree = "<group>"; };
		05F917CB2474A31D000228F9 /* Base */ = {isa = PBXFileReference; lastKnownFileType = file.storyboard; name = Base; path = Base.lproj/LaunchScreen.storyboard; sourceTree = "<group>"; };
		05F917CD2474A31D000228F9 /* Info.plist */ = {isa = PBXFileReference; lastKnownFileType = text.plist.xml; path = Info.plist; sourceTree = "<group>"; };
		05F917D724750287000228F9 /* CameraViewController+constraints.swift */ = {isa = PBXFileReference; lastKnownFileType = sourcecode.swift; path = "CameraViewController+constraints.swift"; sourceTree = "<group>"; };
		05F917D92475A5CF000228F9 /* LoginViewController.swift */ = {isa = PBXFileReference; lastKnownFileType = sourcecode.swift; path = LoginViewController.swift; sourceTree = "<group>"; };
/* End PBXFileReference section */

/* Begin PBXFrameworksBuildPhase section */
		05F917B92474A31C000228F9 /* Frameworks */ = {
			isa = PBXFrameworksBuildPhase;
			buildActionMask = 2147483647;
			files = (
			);
			runOnlyForDeploymentPostprocessing = 0;
		};
/* End PBXFrameworksBuildPhase section */

/* Begin PBXGroup section */
		05601B3E24763BB500068ADE /* SidePullOutMenu */ = {
			isa = PBXGroup;
			children = (
				05601B63247765B000068ADE /* SideBarCell.swift */,
				05601B3F24763BE600068ADE /* SlideInPresentationManager.swift */,
				05601B4124763E3500068ADE /* SideBarMenu.swift */,
				05601B6524778A2300068ADE /* Extensions+sidBar.swift */,
			);
			path = SidePullOutMenu;
			sourceTree = "<group>";
		};
		05601B6B24785C1300068ADE /* Login */ = {
			isa = PBXGroup;
			children = (
				050F91CA2475E96F003C29F9 /* RegisterForm.swift */,
				05F917D92475A5CF000228F9 /* LoginViewController.swift */,
			);
			path = Login;
			sourceTree = "<group>";
		};
		05601B6C24785C2900068ADE /* Utility */ = {
			isa = PBXGroup;
			children = (
				05F917BF2474A31C000228F9 /* AppDelegate.swift */,
				05F917C12474A31C000228F9 /* SceneDelegate.swift */,
			);
			path = Utility;
			sourceTree = "<group>";
		};
		05601B6D24785C4A00068ADE /* CameraController */ = {
			isa = PBXGroup;
			children = (
				05F917C32474A31C000228F9 /* CameraViewController.swift */,
				05F917D724750287000228F9 /* CameraViewController+constraints.swift */,
				05601B6F2478638F00068ADE /* Extension+CamGestureRecognizers.swift */,
			);
			path = CameraController;
			sourceTree = "<group>";
		};
		05601B6E24785C6F00068ADE /* PullOutMenuControllers */ = {
			isa = PBXGroup;
			children = (
				05601B6724779ED700068ADE /* Profile.swift */,
				05601B6924779EE500068ADE /* Settings.swift */,
			);
			path = PullOutMenuControllers;
			sourceTree = "<group>";
		};
		05F917B32474A31C000228F9 = {
			isa = PBXGroup;
			children = (
				05F917BE2474A31C000228F9 /* Blink2 */,
				05F917BD2474A31C000228F9 /* Products */,
			);
			sourceTree = "<group>";
		};
		05F917BD2474A31C000228F9 /* Products */ = {
			isa = PBXGroup;
			children = (
				05F917BC2474A31C000228F9 /* Blink2.app */,
			);
			name = Products;
			sourceTree = "<group>";
		};
		05F917BE2474A31C000228F9 /* Blink2 */ = {
			isa = PBXGroup;
			children = (
				05601B6C24785C2900068ADE /* Utility */,
				05601B3E24763BB500068ADE /* SidePullOutMenu */,
				05601B6D24785C4A00068ADE /* CameraController */,
				05601B6E24785C6F00068ADE /* PullOutMenuControllers */,
				05601B6B24785C1300068ADE /* Login */,
				05F917C82474A31D000228F9 /* Assets.xcassets */,
				05F917CA2474A31D000228F9 /* LaunchScreen.storyboard */,
				05F917CD2474A31D000228F9 /* Info.plist */,
			);
			path = Blink2;
			sourceTree = "<group>";
		};
/* End PBXGroup section */

/* Begin PBXNativeTarget section */
		05F917BB2474A31C000228F9 /* Blink2 */ = {
			isa = PBXNativeTarget;
			buildConfigurationList = 05F917D02474A31D000228F9 /* Build configuration list for PBXNativeTarget "Blink2" */;
			buildPhases = (
				05F917B82474A31C000228F9 /* Sources */,
				05F917B92474A31C000228F9 /* Frameworks */,
				05F917BA2474A31C000228F9 /* Resources */,
			);
			buildRules = (
			);
			dependencies = (
			);
			name = Blink2;
			productName = Blink2;
			productReference = 05F917BC2474A31C000228F9 /* Blink2.app */;
			productType = "com.apple.product-type.application";
		};
/* End PBXNativeTarget section */

/* Begin PBXProject section */
		05F917B42474A31C000228F9 /* Project object */ = {
			isa = PBXProject;
			attributes = {
				LastSwiftUpdateCheck = 1140;
				LastUpgradeCheck = 1140;
				ORGANIZATIONNAME = "Brian Foley";
				TargetAttributes = {
					05F917BB2474A31C000228F9 = {
						CreatedOnToolsVersion = 11.4.1;
					};
				};
			};
			buildConfigurationList = 05F917B72474A31C000228F9 /* Build configuration list for PBXProject "Blink2" */;
			compatibilityVersion = "Xcode 9.3";
			developmentRegion = en;
			hasScannedForEncodings = 0;
			knownRegions = (
				en,
				Base,
			);
			mainGroup = 05F917B32474A31C000228F9;
			productRefGroup = 05F917BD2474A31C000228F9 /* Products */;
			projectDirPath = "";
			projectRoot = "";
			targets = (
				05F917BB2474A31C000228F9 /* Blink2 */,
			);
		};
/* End PBXProject section */

/* Begin PBXResourcesBuildPhase section */
		05F917BA2474A31C000228F9 /* Resources */ = {
			isa = PBXResourcesBuildPhase;
			buildActionMask = 2147483647;
			files = (
				05F917CC2474A31D000228F9 /* LaunchScreen.storyboard in Resources */,
				05F917C92474A31D000228F9 /* Assets.xcassets in Resources */,
			);
			runOnlyForDeploymentPostprocessing = 0;
		};
/* End PBXResourcesBuildPhase section */

/* Begin PBXSourcesBuildPhase section */
		05F917B82474A31C000228F9 /* Sources */ = {
			isa = PBXSourcesBuildPhase;
			buildActionMask = 2147483647;
			files = (
				05601B4224763E3500068ADE /* SideBarMenu.swift in Sources */,
				05F917C42474A31C000228F9 /* CameraViewController.swift in Sources */,
				05F917C02474A31C000228F9 /* AppDelegate.swift in Sources */,
				05601B702478638F00068ADE /* Extension+CamGestureRecognizers.swift in Sources */,
				050F91CB2475E96F003C29F9 /* RegisterForm.swift in Sources */,
				05F917D824750287000228F9 /* CameraViewController+constraints.swift in Sources */,
				05601B6624778A2300068ADE /* Extensions+sidBar.swift in Sources */,
				05601B6A24779EE500068ADE /* Settings.swift in Sources */,
				05F917DA2475A5CF000228F9 /* LoginViewController.swift in Sources */,
				05F917C22474A31C000228F9 /* SceneDelegate.swift in Sources */,
				05601B6824779ED700068ADE /* Profile.swift in Sources */,
				05601B4024763BE600068ADE /* SlideInPresentationManager.swift in Sources */,
				05601B64247765B000068ADE /* SideBarCell.swift in Sources */,
			);
			runOnlyForDeploymentPostprocessing = 0;
		};
/* End PBXSourcesBuildPhase section */

/* Begin PBXVariantGroup section */
		05F917CA2474A31D000228F9 /* LaunchScreen.storyboard */ = {
			isa = PBXVariantGroup;
			children = (
				05F917CB2474A31D000228F9 /* Base */,
			);
			name = LaunchScreen.storyboard;
			sourceTree = "<group>";
		};
/* End PBXVariantGroup section */

/* Begin XCBuildConfiguration section */
		05F917CE2474A31D000228F9 /* Debug */ = {
			isa = XCBuildConfiguration;
			buildSettings = {
				ALWAYS_SEARCH_USER_PATHS = NO;
				CLANG_ANALYZER_NONNULL = YES;
				CLANG_ANALYZER_NUMBER_OBJECT_CONVERSION = YES_AGGRESSIVE;
				CLANG_CXX_LANGUAGE_STANDARD = "gnu++14";
				CLANG_CXX_LIBRARY = "libc++";
				CLANG_ENABLE_MODULES = YES;
				CLANG_ENABLE_OBJC_ARC = YES;
				CLANG_ENABLE_OBJC_WEAK = YES;
				CLANG_WARN_BLOCK_CAPTURE_AUTORELEASING = YES;
				CLANG_WARN_BOOL_CONVERSION = YES;
				CLANG_WARN_COMMA = YES;
				CLANG_WARN_CONSTANT_CONVERSION = YES;
				CLANG_WARN_DEPRECATED_OBJC_IMPLEMENTATIONS = YES;
				CLANG_WARN_DIRECT_OBJC_ISA_USAGE = YES_ERROR;
				CLANG_WARN_DOCUMENTATION_COMMENTS = YES;
				CLANG_WARN_EMPTY_BODY = YES;
				CLANG_WARN_ENUM_CONVERSION = YES;
				CLANG_WARN_INFINITE_RECURSION = YES;
				CLANG_WARN_INT_CONVERSION = YES;
				CLANG_WARN_NON_LITERAL_NULL_CONVERSION = YES;
				CLANG_WARN_OBJC_IMPLICIT_RETAIN_SELF = YES;
				CLANG_WARN_OBJC_LITERAL_CONVERSION = YES;
				CLANG_WARN_OBJC_ROOT_CLASS = YES_ERROR;
				CLANG_WARN_RANGE_LOOP_ANALYSIS = YES;
				CLANG_WARN_STRICT_PROTOTYPES = YES;
				CLANG_WARN_SUSPICIOUS_MOVE = YES;
				CLANG_WARN_UNGUARDED_AVAILABILITY = YES_AGGRESSIVE;
				CLANG_WARN_UNREACHABLE_CODE = YES;
				CLANG_WARN__DUPLICATE_METHOD_MATCH = YES;
				COPY_PHASE_STRIP = NO;
				DEBUG_INFORMATION_FORMAT = dwarf;
				ENABLE_STRICT_OBJC_MSGSEND = YES;
				ENABLE_TESTABILITY = YES;
				GCC_C_LANGUAGE_STANDARD = gnu11;
				GCC_DYNAMIC_NO_PIC = NO;
				GCC_NO_COMMON_BLOCKS = YES;
				GCC_OPTIMIZATION_LEVEL = 0;
				GCC_PREPROCESSOR_DEFINITIONS = (
					"DEBUG=1",
					"$(inherited)",
				);
				GCC_WARN_64_TO_32_BIT_CONVERSION = YES;
				GCC_WARN_ABOUT_RETURN_TYPE = YES_ERROR;
				GCC_WARN_UNDECLARED_SELECTOR = YES;
				GCC_WARN_UNINITIALIZED_AUTOS = YES_AGGRESSIVE;
				GCC_WARN_UNUSED_FUNCTION = YES;
				GCC_WARN_UNUSED_VARIABLE = YES;
				IPHONEOS_DEPLOYMENT_TARGET = 13.4;
				MTL_ENABLE_DEBUG_INFO = INCLUDE_SOURCE;
				MTL_FAST_MATH = YES;
				ONLY_ACTIVE_ARCH = YES;
				SDKROOT = iphoneos;
				SWIFT_ACTIVE_COMPILATION_CONDITIONS = DEBUG;
				SWIFT_OPTIMIZATION_LEVEL = "-Onone";
			};
			name = Debug;
		};
		05F917CF2474A31D000228F9 /* Release */ = {
			isa = XCBuildConfiguration;
			buildSettings = {
				ALWAYS_SEARCH_USER_PATHS = NO;
				CLANG_ANALYZER_NONNULL = YES;
				CLANG_ANALYZER_NUMBER_OBJECT_CONVERSION = YES_AGGRESSIVE;
				CLANG_CXX_LANGUAGE_STANDARD = "gnu++14";
				CLANG_CXX_LIBRARY = "libc++";
				CLANG_ENABLE_MODULES = YES;
				CLANG_ENABLE_OBJC_ARC = YES;
				CLANG_ENABLE_OBJC_WEAK = YES;
				CLANG_WARN_BLOCK_CAPTURE_AUTORELEASING = YES;
				CLANG_WARN_BOOL_CONVERSION = YES;
				CLANG_WARN_COMMA = YES;
				CLANG_WARN_CONSTANT_CONVERSION = YES;
				CLANG_WARN_DEPRECATED_OBJC_IMPLEMENTATIONS = YES;
				CLANG_WARN_DIRECT_OBJC_ISA_USAGE = YES_ERROR;
				CLANG_WARN_DOCUMENTATION_COMMENTS = YES;
				CLANG_WARN_EMPTY_BODY = YES;
				CLANG_WARN_ENUM_CONVERSION = YES;
				CLANG_WARN_INFINITE_RECURSION = YES;
				CLANG_WARN_INT_CONVERSION = YES;
				CLANG_WARN_NON_LITERAL_NULL_CONVERSION = YES;
				CLANG_WARN_OBJC_IMPLICIT_RETAIN_SELF = YES;
				CLANG_WARN_OBJC_LITERAL_CONVERSION = YES;
				CLANG_WARN_OBJC_ROOT_CLASS = YES_ERROR;
				CLANG_WARN_RANGE_LOOP_ANALYSIS = YES;
				CLANG_WARN_STRICT_PROTOTYPES = YES;
				CLANG_WARN_SUSPICIOUS_MOVE = YES;
				CLANG_WARN_UNGUARDED_AVAILABILITY = YES_AGGRESSIVE;
				CLANG_WARN_UNREACHABLE_CODE = YES;
				CLANG_WARN__DUPLICATE_METHOD_MATCH = YES;
				COPY_PHASE_STRIP = NO;
				DEBUG_INFORMATION_FORMAT = "dwarf-with-dsym";
				ENABLE_NS_ASSERTIONS = NO;
				ENABLE_STRICT_OBJC_MSGSEND = YES;
				GCC_C_LANGUAGE_STANDARD = gnu11;
				GCC_NO_COMMON_BLOCKS = YES;
				GCC_WARN_64_TO_32_BIT_CONVERSION = YES;
				GCC_WARN_ABOUT_RETURN_TYPE = YES_ERROR;
				GCC_WARN_UNDECLARED_SELECTOR = YES;
				GCC_WARN_UNINITIALIZED_AUTOS = YES_AGGRESSIVE;
				GCC_WARN_UNUSED_FUNCTION = YES;
				GCC_WARN_UNUSED_VARIABLE = YES;
				IPHONEOS_DEPLOYMENT_TARGET = 13.4;
				MTL_ENABLE_DEBUG_INFO = NO;
				MTL_FAST_MATH = YES;
				SDKROOT = iphoneos;
				SWIFT_COMPILATION_MODE = wholemodule;
				SWIFT_OPTIMIZATION_LEVEL = "-O";
				VALIDATE_PRODUCT = YES;
			};
			name = Release;
		};
		05F917D12474A31D000228F9 /* Debug */ = {
			isa = XCBuildConfiguration;
			buildSettings = {
				ASSETCATALOG_COMPILER_APPICON_NAME = AppIcon;
				CODE_SIGN_STYLE = Automatic;
				DEVELOPMENT_TEAM = J6UP4S3UAZ;
				INFOPLIST_FILE = Blink2/Info.plist;
				IPHONEOS_DEPLOYMENT_TARGET = 12.4;
				LD_RUNPATH_SEARCH_PATHS = (
					"$(inherited)",
					"@executable_path/Frameworks",
				);
				PRODUCT_BUNDLE_IDENTIFIER = com.brianfoley.Blink2;
				PRODUCT_NAME = "$(TARGET_NAME)";
				SWIFT_VERSION = 5.0;
				TARGETED_DEVICE_FAMILY = "1,2";
			};
			name = Debug;
		};
		05F917D22474A31D000228F9 /* Release */ = {
			isa = XCBuildConfiguration;
			buildSettings = {
				ASSETCATALOG_COMPILER_APPICON_NAME = AppIcon;
				CODE_SIGN_STYLE = Automatic;
				DEVELOPMENT_TEAM = J6UP4S3UAZ;
				INFOPLIST_FILE = Blink2/Info.plist;
				IPHONEOS_DEPLOYMENT_TARGET = 12.4;
				LD_RUNPATH_SEARCH_PATHS = (
					"$(inherited)",
					"@executable_path/Frameworks",
				);
				PRODUCT_BUNDLE_IDENTIFIER = com.brianfoley.Blink2;
				PRODUCT_NAME = "$(TARGET_NAME)";
				SWIFT_VERSION = 5.0;
				TARGETED_DEVICE_FAMILY = "1,2";
			};
			name = Release;
		};
/* End XCBuildConfiguration section */

/* Begin XCConfigurationList section */
		05F917B72474A31C000228F9 /* Build configuration list for PBXProject "Blink2" */ = {
			isa = XCConfigurationList;
			buildConfigurations = (
				05F917CE2474A31D000228F9 /* Debug */,
				05F917CF2474A31D000228F9 /* Release */,
			);
			defaultConfigurationIsVisible = 0;
			defaultConfigurationName = Release;
		};
		05F917D02474A31D000228F9 /* Build configuration list for PBXNativeTarget "Blink2" */ = {
			isa = XCConfigurationList;
			buildConfigurations = (
				05F917D12474A31D000228F9 /* Debug */,
				05F917D22474A31D000228F9 /* Release */,
			);
			defaultConfigurationIsVisible = 0;
			defaultConfigurationName = Release;
		};
/* End XCConfigurationList section */
	};
	rootObject = 05F917B42474A31C000228F9 /* Project object */;
}
